Microsoft Visual Studio Solution File, Format Version 11.00
# Visual Studio 2010
Project("{2150E333-8FDC-42A3-9474-1A3956D46DE8}") = "Testing", "Testing", "{BD6726A3-2AF1-4B36-BA42-75B1B1CCCF4C}"
EndProject
Project("{2150E333-8FDC-42A3-9474-1A3956D46DE8}") = "Components", "Components", "{CADEC22A-F619-436D-9E93-A9325964492B}"
EndProject
Project("{2150E333-8FDC-42A3-9474-1A3956D46DE8}") = "Unit tests", "Unit tests", "{9B2E32A4-6FCF-4603-8C06-97EFEF2D4076}"
EndProject
Project("{FAE04EC0-301F-11D3-BF4B-00C04F79EFBC}") = "SchemaTron", "SchemaTron\SchemaTron\SchemaTron.csproj", "{3095DD68-66F1-4DC9-AA60-564EF2FC1EE8}"
EndProject
Project("{2150E333-8FDC-42A3-9474-1A3956D46DE8}") = "Data access layer", "Data access layer", "{9314DAF8-7213-4146-9A7B-7271BB8D1D0E}"
EndProject
Project("{FAE04EC0-301F-11D3-BF4B-00C04F79EFBC}") = "XRouter.Broker", "XRouter\Broker\XRouter.Broker.csproj", "{AF28F3BF-7340-408E-B9AC-C9CE0F17A599}"
EndProject
Project("{FAE04EC0-301F-11D3-BF4B-00C04F79EFBC}") = "XRouter.Common", "XRouter\Common\XRouter.Common.csproj", "{3A775DC5-0596-46B1-95F8-6261D94F0A54}"
EndProject
Project("{FAE04EC0-301F-11D3-BF4B-00C04F79EFBC}") = "XRouter.Console", "XRouter\Console\XRouter.Console.csproj", "{B9B223C3-F9BF-4CB2-B3E8-84B3805B58A9}"
EndProject
Project("{FAE04EC0-301F-11D3-BF4B-00C04F79EFBC}") = "XRouter.Console.XRM", "XRouter\Console.XRM\XRouter.Console.XRM.csproj", "{BCC5F365-ACC2-45E2-A33F-76D4411E6E84}"
EndProject
Project("{FAE04EC0-301F-11D3-BF4B-00C04F79EFBC}") = "XRouter.Data", "XRouter\Data\XRouter.Data.csproj", "{873A6405-E524-4D55-B0F0-B125DE17655B}"
EndProject
Project("{FAE04EC0-301F-11D3-BF4B-00C04F79EFBC}") = "XRouter.EndpointPlugins", "XRouter\EndpointPlugins\XRouter.EndpointPlugins.csproj", "{A4518F6C-4860-4D4C-9DF6-15C4318F9C74}"
EndProject
Project("{FAE04EC0-301F-11D3-BF4B-00C04F79EFBC}") = "XRouter.Gateway", "XRouter\Gateway\XRouter.Gateway.csproj", "{67A83368-80F1-467D-950A-64DD5F1EAD6C}"
EndProject
Project("{FAE04EC0-301F-11D3-BF4B-00C04F79EFBC}") = "XRouter.Processor", "XRouter\Processor\XRouter.Processor.csproj", "{69C0BC8F-EEF4-4DA8-B220-2B35AA20F273}"
EndProject
Project("{FAE04EC0-301F-11D3-BF4B-00C04F79EFBC}") = "XRouter.Test.Common", "XRouter\Test.Common\XRouter.Test.Common.csproj", "{36110949-7E99-41E5-BCB3-B84275CD7505}"
EndProject
Project("{2150E333-8FDC-42A3-9474-1A3956D46DE8}") = "Support", "Support", "{15D730A0-A12C-4170-B539-10B30F80ED5A}"
EndProject
Project("{2150E333-8FDC-42A3-9474-1A3956D46DE8}") = "User interface", "User interface", "{4466A363-92FF-4FB7-ABBF-0235C06CC71D}"
EndProject
Project("{FAE04EC0-301F-11D3-BF4B-00C04F79EFBC}") = "XRouter.Workflow", "XRouter\Workflow\XRouter.Workflow.csproj", "{92BBAB07-15D6-46B4-8AB4-E50F598BCFFD}"
EndProject
Project("{FAE04EC0-301F-11D3-BF4B-00C04F79EFBC}") = "XRouter.Test.Integration", "XRouter\Test.Integration\XRouter.Test.Integration.csproj", "{DB983911-9D3A-482B-BD08-3762353D3802}"
EndProject
Project("{FAE04EC0-301F-11D3-BF4B-00C04F79EFBC}") = "XRouter.Broker.Test", "XRouter\Broker\Test\XRouter.Broker.Test.csproj", "{3A9D1023-3868-4C2A-AACD-9D749FD04C79}"
EndProject
Project("{FAE04EC0-301F-11D3-BF4B-00C04F79EFBC}") = "XRouter.EndpointPlugins.Test", "XRouter\EndpointPlugins\Test\XRouter.EndpointPlugins.Test.csproj", "{6F3C917B-E777-4BE9-9C2B-3DA9C81419A3}"
EndProject
Project("{FAE04EC0-301F-11D3-BF4B-00C04F79EFBC}") = "XRouter.Gateway.Test", "XRouter\Gateway\Test\XRouter.Gateway.Test.csproj", "{9615DBE6-10D2-4679-AE37-F982E90430C9}"
EndProject
Project("{FAE04EC0-301F-11D3-BF4B-00C04F79EFBC}") = "XRouter.Processor.Test", "XRouter\Processor\Test\XRouter.Processor.Test.csproj", "{5B215BE9-0852-4EC0-8E93-8E37F45AEFCE}"
EndProject
Project("{FAE04EC0-301F-11D3-BF4B-00C04F79EFBC}") = "XRouter.Workflow.Test", "XRouter\Workflow\Test\XRouter.Workflow.Test.csproj", "{4F6419BC-4B62-4941-9224-E0A5F211A31C}"
EndProject
Project("{FAE04EC0-301F-11D3-BF4B-00C04F79EFBC}") = "ObjectRemoter", "ObjectRemoter\ObjectRemoter\ObjectRemoter.csproj", "{0C9BE6CE-CA69-4EDB-B021-496EEAA0319D}"
EndProject
Project("{FAE04EC0-301F-11D3-BF4B-00C04F79EFBC}") = "XRouter.Common.Test", "XRouter\Common\Test\XRouter.Common.Test.csproj", "{5EA175D9-4870-4584-B950-616F34773F00}"
EndProject
Project("{2150E333-8FDC-42A3-9474-1A3956D46DE8}") = "XRouter", "XRouter", "{B22F08AD-2B1C-401F-B70A-FC3705FEB599}"
EndProject
Project("{2150E333-8FDC-42A3-9474-1A3956D46DE8}") = "DaemonNT", "DaemonNT", "{835167B4-D0CC-404A-AA1D-D233A63B0009}"
EndProject
Project("{2150E333-8FDC-42A3-9474-1A3956D46DE8}") = "ObjectRemoter", "ObjectRemoter", "{FE309E54-C0F2-41AE-8C2C-DE13DFA52616}"
EndProject
Project("{2150E333-8FDC-42A3-9474-1A3956D46DE8}") = "SchemaTron", "SchemaTron", "{681FADC5-EDEA-4949-822C-2A92CCC145DF}"
EndProject
Project("{FAE04EC0-301F-11D3-BF4B-00C04F79EFBC}") = "Schematron.XsltValidator", "SchemaTron\XsltValidator\Schematron.XsltValidator\Schematron.XsltValidator.csproj", "{E28CC5AE-932C-4F1A-814D-7C6FAEAFA2D4}"
EndProject
Project("{FAE04EC0-301F-11D3-BF4B-00C04F79EFBC}") = "Schematron.XsltValidator.App", "SchemaTron\XsltValidator\Schematron.XsltValidator.App\Schematron.XsltValidator.App.csproj", "{6A70149B-4E43-4712-84B7-6D3981F439F6}"
EndProject
Project("{FAE04EC0-301F-11D3-BF4B-00C04F79EFBC}") = "Schematron.Benchmark", "SchemaTron\Benchmark\Schematron.Benchmark\Schematron.Benchmark.csproj", "{06685F62-9E66-46D9-B25A-AC00013DC711}"
EndProject
Project("{FAE04EC0-301F-11D3-BF4B-00C04F79EFBC}") = "SchemaTron.Test", "SchemaTron\SchemaTron\Test\SchemaTron.Test.csproj", "{1DD52070-30C2-432A-89D5-484432A9B8E4}"
EndProject
Project("{FAE04EC0-301F-11D3-BF4B-00C04F79EFBC}") = "ObjectRemoter.Test", "ObjectRemoter\ObjectRemoter\Test\ObjectRemoter.Test.csproj", "{E361A173-DC05-4C58-B0C5-3D85A817E0DE}"
EndProject
Project("{FAE04EC0-301F-11D3-BF4B-00C04F79EFBC}") = "DaemonNT", "DaemonNT\DaemonNT\DaemonNT.csproj", "{3CF25136-3BF3-4213-9FDC-1E80F2C75171}"
EndProject
Project("{FAE04EC0-301F-11D3-BF4B-00C04F79EFBC}") = "DaemonNT.Test", "DaemonNT\DaemonNT.Test\DaemonNT.Test.csproj", "{5564724D-61A8-432C-B8B0-B14BC44EBB40}"
EndProject
Project("{FAE04EC0-301F-11D3-BF4B-00C04F79EFBC}") = "XRouter.Console.XRM.Test", "XRouter\Console.XRM\Test\XRouter.Console.XRM.Test.csproj", "{287D3670-F35B-49E9-B4CE-EBEB83E29E33}"
EndProject
Global
	GlobalSection(SolutionConfigurationPlatforms) = preSolution
		Debug|Any CPU = Debug|Any CPU
		Debug|Mixed Platforms = Debug|Mixed Platforms
		Debug|x86 = Debug|x86
		Release|Any CPU = Release|Any CPU
		Release|Mixed Platforms = Release|Mixed Platforms
		Release|x86 = Release|x86
	EndGlobalSection
	GlobalSection(ProjectConfigurationPlatforms) = postSolution
		{3095DD68-66F1-4DC9-AA60-564EF2FC1EE8}.Debug|Any CPU.ActiveCfg = Debug|Any CPU
		{3095DD68-66F1-4DC9-AA60-564EF2FC1EE8}.Debug|Any CPU.Build.0 = Debug|Any CPU
		{3095DD68-66F1-4DC9-AA60-564EF2FC1EE8}.Debug|Mixed Platforms.ActiveCfg = Debug|Any CPU
		{3095DD68-66F1-4DC9-AA60-564EF2FC1EE8}.Debug|Mixed Platforms.Build.0 = Debug|Any CPU
		{3095DD68-66F1-4DC9-AA60-564EF2FC1EE8}.Debug|x86.ActiveCfg = Debug|Any CPU
		{3095DD68-66F1-4DC9-AA60-564EF2FC1EE8}.Release|Any CPU.ActiveCfg = Release|Any CPU
		{3095DD68-66F1-4DC9-AA60-564EF2FC1EE8}.Release|Any CPU.Build.0 = Release|Any CPU
		{3095DD68-66F1-4DC9-AA60-564EF2FC1EE8}.Release|Mixed Platforms.ActiveCfg = Release|Any CPU
		{3095DD68-66F1-4DC9-AA60-564EF2FC1EE8}.Release|Mixed Platforms.Build.0 = Release|Any CPU
		{3095DD68-66F1-4DC9-AA60-564EF2FC1EE8}.Release|x86.ActiveCfg = Release|Any CPU
		{AF28F3BF-7340-408E-B9AC-C9CE0F17A599}.Debug|Any CPU.ActiveCfg = Debug|Any CPU
		{AF28F3BF-7340-408E-B9AC-C9CE0F17A599}.Debug|Any CPU.Build.0 = Debug|Any CPU
		{AF28F3BF-7340-408E-B9AC-C9CE0F17A599}.Debug|Mixed Platforms.ActiveCfg = Debug|Any CPU
		{AF28F3BF-7340-408E-B9AC-C9CE0F17A599}.Debug|Mixed Platforms.Build.0 = Debug|Any CPU
		{AF28F3BF-7340-408E-B9AC-C9CE0F17A599}.Debug|x86.ActiveCfg = Debug|Any CPU
		{AF28F3BF-7340-408E-B9AC-C9CE0F17A599}.Release|Any CPU.ActiveCfg = Release|Any CPU
		{AF28F3BF-7340-408E-B9AC-C9CE0F17A599}.Release|Any CPU.Build.0 = Release|Any CPU
		{AF28F3BF-7340-408E-B9AC-C9CE0F17A599}.Release|Mixed Platforms.ActiveCfg = Release|Any CPU
		{AF28F3BF-7340-408E-B9AC-C9CE0F17A599}.Release|Mixed Platforms.Build.0 = Release|Any CPU
		{AF28F3BF-7340-408E-B9AC-C9CE0F17A599}.Release|x86.ActiveCfg = Release|Any CPU
		{3A775DC5-0596-46B1-95F8-6261D94F0A54}.Debug|Any CPU.ActiveCfg = Debug|Any CPU
		{3A775DC5-0596-46B1-95F8-6261D94F0A54}.Debug|Any CPU.Build.0 = Debug|Any CPU
		{3A775DC5-0596-46B1-95F8-6261D94F0A54}.Debug|Mixed Platforms.ActiveCfg = Debug|Any CPU
		{3A775DC5-0596-46B1-95F8-6261D94F0A54}.Debug|Mixed Platforms.Build.0 = Debug|Any CPU
		{3A775DC5-0596-46B1-95F8-6261D94F0A54}.Debug|x86.ActiveCfg = Debug|Any CPU
		{3A775DC5-0596-46B1-95F8-6261D94F0A54}.Release|Any CPU.ActiveCfg = Release|Any CPU
		{3A775DC5-0596-46B1-95F8-6261D94F0A54}.Release|Any CPU.Build.0 = Release|Any CPU
		{3A775DC5-0596-46B1-95F8-6261D94F0A54}.Release|Mixed Platforms.ActiveCfg = Release|Any CPU
		{3A775DC5-0596-46B1-95F8-6261D94F0A54}.Release|Mixed Platforms.Build.0 = Release|Any CPU
		{3A775DC5-0596-46B1-95F8-6261D94F0A54}.Release|x86.ActiveCfg = Release|Any CPU
		{B9B223C3-F9BF-4CB2-B3E8-84B3805B58A9}.Debug|Any CPU.ActiveCfg = Debug|Any CPU
		{B9B223C3-F9BF-4CB2-B3E8-84B3805B58A9}.Debug|Any CPU.Build.0 = Debug|Any CPU
		{B9B223C3-F9BF-4CB2-B3E8-84B3805B58A9}.Debug|Mixed Platforms.ActiveCfg = Debug|Any CPU
		{B9B223C3-F9BF-4CB2-B3E8-84B3805B58A9}.Debug|x86.ActiveCfg = Debug|Any CPU
		{B9B223C3-F9BF-4CB2-B3E8-84B3805B58A9}.Release|Any CPU.ActiveCfg = Release|Any CPU
		{B9B223C3-F9BF-4CB2-B3E8-84B3805B58A9}.Release|Any CPU.Build.0 = Release|Any CPU
		{B9B223C3-F9BF-4CB2-B3E8-84B3805B58A9}.Release|Mixed Platforms.ActiveCfg = Release|Any CPU
		{B9B223C3-F9BF-4CB2-B3E8-84B3805B58A9}.Release|x86.ActiveCfg = Release|Any CPU
		{BCC5F365-ACC2-45E2-A33F-76D4411E6E84}.Debug|Any CPU.ActiveCfg = Debug|Any CPU
		{BCC5F365-ACC2-45E2-A33F-76D4411E6E84}.Debug|Any CPU.Build.0 = Debug|Any CPU
		{BCC5F365-ACC2-45E2-A33F-76D4411E6E84}.Debug|Mixed Platforms.ActiveCfg = Debug|Any CPU
		{BCC5F365-ACC2-45E2-A33F-76D4411E6E84}.Debug|x86.ActiveCfg = Debug|Any CPU
		{BCC5F365-ACC2-45E2-A33F-76D4411E6E84}.Release|Any CPU.ActiveCfg = Release|Any CPU
		{BCC5F365-ACC2-45E2-A33F-76D4411E6E84}.Release|Any CPU.Build.0 = Release|Any CPU
		{BCC5F365-ACC2-45E2-A33F-76D4411E6E84}.Release|Mixed Platforms.ActiveCfg = Release|Any CPU
		{BCC5F365-ACC2-45E2-A33F-76D4411E6E84}.Release|x86.ActiveCfg = Release|Any CPU
		{873A6405-E524-4D55-B0F0-B125DE17655B}.Debug|Any CPU.ActiveCfg = Debug|Any CPU
		{873A6405-E524-4D55-B0F0-B125DE17655B}.Debug|Any CPU.Build.0 = Debug|Any CPU
		{873A6405-E524-4D55-B0F0-B125DE17655B}.Debug|Mixed Platforms.ActiveCfg = Debug|Any CPU
		{873A6405-E524-4D55-B0F0-B125DE17655B}.Debug|Mixed Platforms.Build.0 = Debug|Any CPU
		{873A6405-E524-4D55-B0F0-B125DE17655B}.Debug|x86.ActiveCfg = Debug|Any CPU
		{873A6405-E524-4D55-B0F0-B125DE17655B}.Release|Any CPU.ActiveCfg = Release|Any CPU
		{873A6405-E524-4D55-B0F0-B125DE17655B}.Release|Any CPU.Build.0 = Release|Any CPU
		{873A6405-E524-4D55-B0F0-B125DE17655B}.Release|Mixed Platforms.ActiveCfg = Release|Any CPU
		{873A6405-E524-4D55-B0F0-B125DE17655B}.Release|Mixed Platforms.Build.0 = Release|Any CPU
		{873A6405-E524-4D55-B0F0-B125DE17655B}.Release|x86.ActiveCfg = Release|Any CPU
		{A4518F6C-4860-4D4C-9DF6-15C4318F9C74}.Debug|Any CPU.ActiveCfg = Debug|x86
		{A4518F6C-4860-4D4C-9DF6-15C4318F9C74}.Debug|Mixed Platforms.ActiveCfg = Debug|x86
		{A4518F6C-4860-4D4C-9DF6-15C4318F9C74}.Debug|Mixed Platforms.Build.0 = Debug|x86
		{A4518F6C-4860-4D4C-9DF6-15C4318F9C74}.Debug|x86.ActiveCfg = Debug|x86
		{A4518F6C-4860-4D4C-9DF6-15C4318F9C74}.Debug|x86.Build.0 = Debug|x86
		{A4518F6C-4860-4D4C-9DF6-15C4318F9C74}.Release|Any CPU.ActiveCfg = Release|x86
		{A4518F6C-4860-4D4C-9DF6-15C4318F9C74}.Release|Mixed Platforms.ActiveCfg = Release|x86
		{A4518F6C-4860-4D4C-9DF6-15C4318F9C74}.Release|Mixed Platforms.Build.0 = Release|x86
		{A4518F6C-4860-4D4C-9DF6-15C4318F9C74}.Release|x86.ActiveCfg = Release|x86
		{A4518F6C-4860-4D4C-9DF6-15C4318F9C74}.Release|x86.Build.0 = Release|x86
		{67A83368-80F1-467D-950A-64DD5F1EAD6C}.Debug|Any CPU.ActiveCfg = Debug|x86
		{67A83368-80F1-467D-950A-64DD5F1EAD6C}.Debug|Mixed Platforms.ActiveCfg = Debug|x86
		{67A83368-80F1-467D-950A-64DD5F1EAD6C}.Debug|Mixed Platforms.Build.0 = Debug|x86
		{67A83368-80F1-467D-950A-64DD5F1EAD6C}.Debug|x86.ActiveCfg = Debug|x86
		{67A83368-80F1-467D-950A-64DD5F1EAD6C}.Debug|x86.Build.0 = Debug|x86
		{67A83368-80F1-467D-950A-64DD5F1EAD6C}.Release|Any CPU.ActiveCfg = Release|x86
		{67A83368-80F1-467D-950A-64DD5F1EAD6C}.Release|Mixed Platforms.ActiveCfg = Release|x86
		{67A83368-80F1-467D-950A-64DD5F1EAD6C}.Release|Mixed Platforms.Build.0 = Release|x86
		{67A83368-80F1-467D-950A-64DD5F1EAD6C}.Release|x86.ActiveCfg = Release|x86
		{67A83368-80F1-467D-950A-64DD5F1EAD6C}.Release|x86.Build.0 = Release|x86
		{69C0BC8F-EEF4-4DA8-B220-2B35AA20F273}.Debug|Any CPU.ActiveCfg = Debug|Any CPU
		{69C0BC8F-EEF4-4DA8-B220-2B35AA20F273}.Debug|Any CPU.Build.0 = Debug|Any CPU
		{69C0BC8F-EEF4-4DA8-B220-2B35AA20F273}.Debug|Mixed Platforms.ActiveCfg = Debug|Any CPU
		{69C0BC8F-EEF4-4DA8-B220-2B35AA20F273}.Debug|x86.ActiveCfg = Debug|Any CPU
		{69C0BC8F-EEF4-4DA8-B220-2B35AA20F273}.Release|Any CPU.ActiveCfg = Release|Any CPU
		{69C0BC8F-EEF4-4DA8-B220-2B35AA20F273}.Release|Any CPU.Build.0 = Release|Any CPU
		{69C0BC8F-EEF4-4DA8-B220-2B35AA20F273}.Release|Mixed Platforms.ActiveCfg = Release|Any CPU
		{69C0BC8F-EEF4-4DA8-B220-2B35AA20F273}.Release|x86.ActiveCfg = Release|Any CPU
		{36110949-7E99-41E5-BCB3-B84275CD7505}.Debug|Any CPU.ActiveCfg = Debug|Any CPU
		{36110949-7E99-41E5-BCB3-B84275CD7505}.Debug|Any CPU.Build.0 = Debug|Any CPU
		{36110949-7E99-41E5-BCB3-B84275CD7505}.Debug|Mixed Platforms.ActiveCfg = Debug|Any CPU
		{36110949-7E99-41E5-BCB3-B84275CD7505}.Debug|Mixed Platforms.Build.0 = Debug|Any CPU
		{36110949-7E99-41E5-BCB3-B84275CD7505}.Debug|x86.ActiveCfg = Debug|Any CPU
		{36110949-7E99-41E5-BCB3-B84275CD7505}.Release|Any CPU.ActiveCfg = Release|Any CPU
		{36110949-7E99-41E5-BCB3-B84275CD7505}.Release|Any CPU.Build.0 = Release|Any CPU
		{36110949-7E99-41E5-BCB3-B84275CD7505}.Release|Mixed Platforms.ActiveCfg = Release|Any CPU
		{36110949-7E99-41E5-BCB3-B84275CD7505}.Release|Mixed Platforms.Build.0 = Release|Any CPU
		{36110949-7E99-41E5-BCB3-B84275CD7505}.Release|x86.ActiveCfg = Release|Any CPU
		{92BBAB07-15D6-46B4-8AB4-E50F598BCFFD}.Debug|Any CPU.ActiveCfg = Debug|Any CPU
		{92BBAB07-15D6-46B4-8AB4-E50F598BCFFD}.Debug|Any CPU.Build.0 = Debug|Any CPU
		{92BBAB07-15D6-46B4-8AB4-E50F598BCFFD}.Debug|Mixed Platforms.ActiveCfg = Debug|Any CPU
		{92BBAB07-15D6-46B4-8AB4-E50F598BCFFD}.Debug|x86.ActiveCfg = Debug|Any CPU
		{92BBAB07-15D6-46B4-8AB4-E50F598BCFFD}.Release|Any CPU.ActiveCfg = Release|Any CPU
		{92BBAB07-15D6-46B4-8AB4-E50F598BCFFD}.Release|Any CPU.Build.0 = Release|Any CPU
		{92BBAB07-15D6-46B4-8AB4-E50F598BCFFD}.Release|Mixed Platforms.ActiveCfg = Release|Any CPU
		{92BBAB07-15D6-46B4-8AB4-E50F598BCFFD}.Release|x86.ActiveCfg = Release|Any CPU
		{DB983911-9D3A-482B-BD08-3762353D3802}.Debug|Any CPU.ActiveCfg = Debug|Any CPU
		{DB983911-9D3A-482B-BD08-3762353D3802}.Debug|Any CPU.Build.0 = Debug|Any CPU
		{DB983911-9D3A-482B-BD08-3762353D3802}.Debug|Mixed Platforms.ActiveCfg = Debug|Any CPU
		{DB983911-9D3A-482B-BD08-3762353D3802}.Debug|Mixed Platforms.Build.0 = Debug|Any CPU
		{DB983911-9D3A-482B-BD08-3762353D3802}.Debug|x86.ActiveCfg = Debug|Any CPU
		{DB983911-9D3A-482B-BD08-3762353D3802}.Release|Any CPU.ActiveCfg = Release|Any CPU
		{DB983911-9D3A-482B-BD08-3762353D3802}.Release|Any CPU.Build.0 = Release|Any CPU
		{DB983911-9D3A-482B-BD08-3762353D3802}.Release|Mixed Platforms.ActiveCfg = Release|Any CPU
		{DB983911-9D3A-482B-BD08-3762353D3802}.Release|Mixed Platforms.Build.0 = Release|Any CPU
		{DB983911-9D3A-482B-BD08-3762353D3802}.Release|x86.ActiveCfg = Release|Any CPU
		{3A9D1023-3868-4C2A-AACD-9D749FD04C79}.Debug|Any CPU.ActiveCfg = Debug|Any CPU
		{3A9D1023-3868-4C2A-AACD-9D749FD04C79}.Debug|Any CPU.Build.0 = Debug|Any CPU
		{3A9D1023-3868-4C2A-AACD-9D749FD04C79}.Debug|Mixed Platforms.ActiveCfg = Debug|Any CPU
		{3A9D1023-3868-4C2A-AACD-9D749FD04C79}.Debug|Mixed Platforms.Build.0 = Debug|Any CPU
		{3A9D1023-3868-4C2A-AACD-9D749FD04C79}.Debug|x86.ActiveCfg = Debug|Any CPU
		{3A9D1023-3868-4C2A-AACD-9D749FD04C79}.Release|Any CPU.ActiveCfg = Release|Any CPU
		{3A9D1023-3868-4C2A-AACD-9D749FD04C79}.Release|Any CPU.Build.0 = Release|Any CPU
		{3A9D1023-3868-4C2A-AACD-9D749FD04C79}.Release|Mixed Platforms.ActiveCfg = Release|Any CPU
		{3A9D1023-3868-4C2A-AACD-9D749FD04C79}.Release|Mixed Platforms.Build.0 = Release|Any CPU
		{3A9D1023-3868-4C2A-AACD-9D749FD04C79}.Release|x86.ActiveCfg = Release|Any CPU
		{6F3C917B-E777-4BE9-9C2B-3DA9C81419A3}.Debug|Any CPU.ActiveCfg = Debug|Any CPU
		{6F3C917B-E777-4BE9-9C2B-3DA9C81419A3}.Debug|Any CPU.Build.0 = Debug|Any CPU
		{6F3C917B-E777-4BE9-9C2B-3DA9C81419A3}.Debug|Mixed Platforms.ActiveCfg = Debug|Any CPU
		{6F3C917B-E777-4BE9-9C2B-3DA9C81419A3}.Debug|Mixed Platforms.Build.0 = Debug|Any CPU
		{6F3C917B-E777-4BE9-9C2B-3DA9C81419A3}.Debug|x86.ActiveCfg = Debug|Any CPU
		{6F3C917B-E777-4BE9-9C2B-3DA9C81419A3}.Release|Any CPU.ActiveCfg = Release|Any CPU
		{6F3C917B-E777-4BE9-9C2B-3DA9C81419A3}.Release|Any CPU.Build.0 = Release|Any CPU
		{6F3C917B-E777-4BE9-9C2B-3DA9C81419A3}.Release|Mixed Platforms.ActiveCfg = Release|Any CPU
		{6F3C917B-E777-4BE9-9C2B-3DA9C81419A3}.Release|Mixed Platforms.Build.0 = Release|Any CPU
		{6F3C917B-E777-4BE9-9C2B-3DA9C81419A3}.Release|x86.ActiveCfg = Release|Any CPU
		{9615DBE6-10D2-4679-AE37-F982E90430C9}.Debug|Any CPU.ActiveCfg = Debug|Any CPU
		{9615DBE6-10D2-4679-AE37-F982E90430C9}.Debug|Any CPU.Build.0 = Debug|Any CPU
		{9615DBE6-10D2-4679-AE37-F982E90430C9}.Debug|Mixed Platforms.ActiveCfg = Debug|Any CPU
		{9615DBE6-10D2-4679-AE37-F982E90430C9}.Debug|Mixed Platforms.Build.0 = Debug|Any CPU
		{9615DBE6-10D2-4679-AE37-F982E90430C9}.Debug|x86.ActiveCfg = Debug|Any CPU
		{9615DBE6-10D2-4679-AE37-F982E90430C9}.Release|Any CPU.ActiveCfg = Release|Any CPU
		{9615DBE6-10D2-4679-AE37-F982E90430C9}.Release|Any CPU.Build.0 = Release|Any CPU
		{9615DBE6-10D2-4679-AE37-F982E90430C9}.Release|Mixed Platforms.ActiveCfg = Release|Any CPU
		{9615DBE6-10D2-4679-AE37-F982E90430C9}.Release|Mixed Platforms.Build.0 = Release|Any CPU
		{9615DBE6-10D2-4679-AE37-F982E90430C9}.Release|x86.ActiveCfg = Release|Any CPU
		{5B215BE9-0852-4EC0-8E93-8E37F45AEFCE}.Debug|Any CPU.ActiveCfg = Debug|Any CPU
		{5B215BE9-0852-4EC0-8E93-8E37F45AEFCE}.Debug|Any CPU.Build.0 = Debug|Any CPU
		{5B215BE9-0852-4EC0-8E93-8E37F45AEFCE}.Debug|Mixed Platforms.ActiveCfg = Debug|Any CPU
		{5B215BE9-0852-4EC0-8E93-8E37F45AEFCE}.Debug|x86.ActiveCfg = Debug|Any CPU
		{5B215BE9-0852-4EC0-8E93-8E37F45AEFCE}.Release|Any CPU.ActiveCfg = Release|Any CPU
		{5B215BE9-0852-4EC0-8E93-8E37F45AEFCE}.Release|Any CPU.Build.0 = Release|Any CPU
		{5B215BE9-0852-4EC0-8E93-8E37F45AEFCE}.Release|Mixed Platforms.ActiveCfg = Release|Any CPU
		{5B215BE9-0852-4EC0-8E93-8E37F45AEFCE}.Release|x86.ActiveCfg = Release|Any CPU
		{4F6419BC-4B62-4941-9224-E0A5F211A31C}.Debug|Any CPU.ActiveCfg = Debug|Any CPU
		{4F6419BC-4B62-4941-9224-E0A5F211A31C}.Debug|Any CPU.Build.0 = Debug|Any CPU
		{4F6419BC-4B62-4941-9224-E0A5F211A31C}.Debug|Mixed Platforms.ActiveCfg = Debug|Any CPU
		{4F6419BC-4B62-4941-9224-E0A5F211A31C}.Debug|x86.ActiveCfg = Debug|Any CPU
		{4F6419BC-4B62-4941-9224-E0A5F211A31C}.Release|Any CPU.ActiveCfg = Release|Any CPU
		{4F6419BC-4B62-4941-9224-E0A5F211A31C}.Release|Any CPU.Build.0 = Release|Any CPU
		{4F6419BC-4B62-4941-9224-E0A5F211A31C}.Release|Mixed Platforms.ActiveCfg = Release|Any CPU
		{4F6419BC-4B62-4941-9224-E0A5F211A31C}.Release|x86.ActiveCfg = Release|Any CPU
		{0C9BE6CE-CA69-4EDB-B021-496EEAA0319D}.Debug|Any CPU.ActiveCfg = Debug|Any CPU
		{0C9BE6CE-CA69-4EDB-B021-496EEAA0319D}.Debug|Any CPU.Build.0 = Debug|Any CPU
		{0C9BE6CE-CA69-4EDB-B021-496EEAA0319D}.Debug|Mixed Platforms.ActiveCfg = Debug|Any CPU
		{0C9BE6CE-CA69-4EDB-B021-496EEAA0319D}.Debug|Mixed Platforms.Build.0 = Debug|Any CPU
		{0C9BE6CE-CA69-4EDB-B021-496EEAA0319D}.Debug|x86.ActiveCfg = Debug|Any CPU
		{0C9BE6CE-CA69-4EDB-B021-496EEAA0319D}.Release|Any CPU.ActiveCfg = Release|Any CPU
		{0C9BE6CE-CA69-4EDB-B021-496EEAA0319D}.Release|Any CPU.Build.0 = Release|Any CPU
		{0C9BE6CE-CA69-4EDB-B021-496EEAA0319D}.Release|Mixed Platforms.ActiveCfg = Release|Any CPU
		{0C9BE6CE-CA69-4EDB-B021-496EEAA0319D}.Release|Mixed Platforms.Build.0 = Release|Any CPU
		{0C9BE6CE-CA69-4EDB-B021-496EEAA0319D}.Release|x86.ActiveCfg = Release|Any CPU
		{5EA175D9-4870-4584-B950-616F34773F00}.Debug|Any CPU.ActiveCfg = Debug|Any CPU
		{5EA175D9-4870-4584-B950-616F34773F00}.Debug|Any CPU.Build.0 = Debug|Any CPU
		{5EA175D9-4870-4584-B950-616F34773F00}.Debug|Mixed Platforms.ActiveCfg = Debug|Any CPU
		{5EA175D9-4870-4584-B950-616F34773F00}.Debug|Mixed Platforms.Build.0 = Debug|Any CPU
		{5EA175D9-4870-4584-B950-616F34773F00}.Debug|x86.ActiveCfg = Debug|Any CPU
		{5EA175D9-4870-4584-B950-616F34773F00}.Release|Any CPU.ActiveCfg = Release|Any CPU
		{5EA175D9-4870-4584-B950-616F34773F00}.Release|Any CPU.Build.0 = Release|Any CPU
		{5EA175D9-4870-4584-B950-616F34773F00}.Release|Mixed Platforms.ActiveCfg = Release|Any CPU
		{5EA175D9-4870-4584-B950-616F34773F00}.Release|Mixed Platforms.Build.0 = Release|Any CPU
		{5EA175D9-4870-4584-B950-616F34773F00}.Release|x86.ActiveCfg = Release|Any CPU
		{E28CC5AE-932C-4F1A-814D-7C6FAEAFA2D4}.Debug|Any CPU.ActiveCfg = Debug|x86
		{E28CC5AE-932C-4F1A-814D-7C6FAEAFA2D4}.Debug|Mixed Platforms.ActiveCfg = Debug|x86
		{E28CC5AE-932C-4F1A-814D-7C6FAEAFA2D4}.Debug|Mixed Platforms.Build.0 = Debug|x86
		{E28CC5AE-932C-4F1A-814D-7C6FAEAFA2D4}.Debug|x86.ActiveCfg = Debug|x86
		{E28CC5AE-932C-4F1A-814D-7C6FAEAFA2D4}.Debug|x86.Build.0 = Debug|x86
		{E28CC5AE-932C-4F1A-814D-7C6FAEAFA2D4}.Release|Any CPU.ActiveCfg = Release|x86
		{E28CC5AE-932C-4F1A-814D-7C6FAEAFA2D4}.Release|Mixed Platforms.ActiveCfg = Release|x86
		{E28CC5AE-932C-4F1A-814D-7C6FAEAFA2D4}.Release|Mixed Platforms.Build.0 = Release|x86
		{E28CC5AE-932C-4F1A-814D-7C6FAEAFA2D4}.Release|x86.ActiveCfg = Release|x86
		{E28CC5AE-932C-4F1A-814D-7C6FAEAFA2D4}.Release|x86.Build.0 = Release|x86
		{6A70149B-4E43-4712-84B7-6D3981F439F6}.Debug|Any CPU.ActiveCfg = Debug|x86
		{6A70149B-4E43-4712-84B7-6D3981F439F6}.Debug|Mixed Platforms.ActiveCfg = Debug|x86
		{6A70149B-4E43-4712-84B7-6D3981F439F6}.Debug|Mixed Platforms.Build.0 = Debug|x86
		{6A70149B-4E43-4712-84B7-6D3981F439F6}.Debug|x86.ActiveCfg = Debug|x86
		{6A70149B-4E43-4712-84B7-6D3981F439F6}.Debug|x86.Build.0 = Debug|x86
		{6A70149B-4E43-4712-84B7-6D3981F439F6}.Release|Any CPU.ActiveCfg = Release|x86
		{6A70149B-4E43-4712-84B7-6D3981F439F6}.Release|Mixed Platforms.ActiveCfg = Release|x86
		{6A70149B-4E43-4712-84B7-6D3981F439F6}.Release|Mixed Platforms.Build.0 = Release|x86
		{6A70149B-4E43-4712-84B7-6D3981F439F6}.Release|x86.ActiveCfg = Release|x86
		{6A70149B-4E43-4712-84B7-6D3981F439F6}.Release|x86.Build.0 = Release|x86
		{06685F62-9E66-46D9-B25A-AC00013DC711}.Debug|Any CPU.ActiveCfg = Debug|x86
		{06685F62-9E66-46D9-B25A-AC00013DC711}.Debug|Mixed Platforms.ActiveCfg = Debug|x86
		{06685F62-9E66-46D9-B25A-AC00013DC711}.Debug|Mixed Platforms.Build.0 = Debug|x86
		{06685F62-9E66-46D9-B25A-AC00013DC711}.Debug|x86.ActiveCfg = Debug|x86
		{06685F62-9E66-46D9-B25A-AC00013DC711}.Debug|x86.Build.0 = Debug|x86
		{06685F62-9E66-46D9-B25A-AC00013DC711}.Release|Any CPU.ActiveCfg = Release|x86
		{06685F62-9E66-46D9-B25A-AC00013DC711}.Release|Mixed Platforms.ActiveCfg = Release|x86
		{06685F62-9E66-46D9-B25A-AC00013DC711}.Release|Mixed Platforms.Build.0 = Release|x86
		{06685F62-9E66-46D9-B25A-AC00013DC711}.Release|x86.ActiveCfg = Release|x86
		{06685F62-9E66-46D9-B25A-AC00013DC711}.Release|x86.Build.0 = Release|x86
		{1DD52070-30C2-432A-89D5-484432A9B8E4}.Debug|Any CPU.ActiveCfg = Debug|x86
		{1DD52070-30C2-432A-89D5-484432A9B8E4}.Debug|Mixed Platforms.ActiveCfg = Debug|x86
		{1DD52070-30C2-432A-89D5-484432A9B8E4}.Debug|Mixed Platforms.Build.0 = Debug|x86
		{1DD52070-30C2-432A-89D5-484432A9B8E4}.Debug|x86.ActiveCfg = Debug|x86
		{1DD52070-30C2-432A-89D5-484432A9B8E4}.Debug|x86.Build.0 = Debug|x86
		{1DD52070-30C2-432A-89D5-484432A9B8E4}.Release|Any CPU.ActiveCfg = Release|x86
		{1DD52070-30C2-432A-89D5-484432A9B8E4}.Release|Mixed Platforms.ActiveCfg = Release|x86
		{1DD52070-30C2-432A-89D5-484432A9B8E4}.Release|Mixed Platforms.Build.0 = Release|x86
		{1DD52070-30C2-432A-89D5-484432A9B8E4}.Release|x86.ActiveCfg = Release|x86
		{1DD52070-30C2-432A-89D5-484432A9B8E4}.Release|x86.Build.0 = Release|x86
		{E361A173-DC05-4C58-B0C5-3D85A817E0DE}.Debug|Any CPU.ActiveCfg = Debug|Any CPU
		{E361A173-DC05-4C58-B0C5-3D85A817E0DE}.Debug|Any CPU.Build.0 = Debug|Any CPU
		{E361A173-DC05-4C58-B0C5-3D85A817E0DE}.Debug|Mixed Platforms.ActiveCfg = Debug|Any CPU
		{E361A173-DC05-4C58-B0C5-3D85A817E0DE}.Debug|Mixed Platforms.Build.0 = Debug|Any CPU
		{E361A173-DC05-4C58-B0C5-3D85A817E0DE}.Debug|x86.ActiveCfg = Debug|Any CPU
		{E361A173-DC05-4C58-B0C5-3D85A817E0DE}.Release|Any CPU.ActiveCfg = Release|Any CPU
		{E361A173-DC05-4C58-B0C5-3D85A817E0DE}.Release|Any CPU.Build.0 = Release|Any CPU
		{E361A173-DC05-4C58-B0C5-3D85A817E0DE}.Release|Mixed Platforms.ActiveCfg = Release|Any CPU
		{E361A173-DC05-4C58-B0C5-3D85A817E0DE}.Release|Mixed Platforms.Build.0 = Release|Any CPU
		{E361A173-DC05-4C58-B0C5-3D85A817E0DE}.Release|x86.ActiveCfg = Release|Any CPU
		{3CF25136-3BF3-4213-9FDC-1E80F2C75171}.Debug|Any CPU.ActiveCfg = Debug|x86
		{3CF25136-3BF3-4213-9FDC-1E80F2C75171}.Debug|Mixed Platforms.ActiveCfg = Debug|x86
		{3CF25136-3BF3-4213-9FDC-1E80F2C75171}.Debug|Mixed Platforms.Build.0 = Debug|x86
		{3CF25136-3BF3-4213-9FDC-1E80F2C75171}.Debug|x86.ActiveCfg = Debug|x86
		{3CF25136-3BF3-4213-9FDC-1E80F2C75171}.Debug|x86.Build.0 = Debug|x86
		{3CF25136-3BF3-4213-9FDC-1E80F2C75171}.Release|Any CPU.ActiveCfg = Release|x86
		{3CF25136-3BF3-4213-9FDC-1E80F2C75171}.Release|Mixed Platforms.ActiveCfg = Release|x86
		{3CF25136-3BF3-4213-9FDC-1E80F2C75171}.Release|Mixed Platforms.Build.0 = Release|x86
		{3CF25136-3BF3-4213-9FDC-1E80F2C75171}.Release|x86.ActiveCfg = Release|x86
		{3CF25136-3BF3-4213-9FDC-1E80F2C75171}.Release|x86.Build.0 = Release|x86
		{5564724D-61A8-432C-B8B0-B14BC44EBB40}.Debug|Any CPU.ActiveCfg = Debug|Any CPU
		{5564724D-61A8-432C-B8B0-B14BC44EBB40}.Debug|Any CPU.Build.0 = Debug|Any CPU
		{5564724D-61A8-432C-B8B0-B14BC44EBB40}.Debug|Mixed Platforms.ActiveCfg = Debug|Any CPU
		{5564724D-61A8-432C-B8B0-B14BC44EBB40}.Debug|Mixed Platforms.Build.0 = Debug|Any CPU
		{5564724D-61A8-432C-B8B0-B14BC44EBB40}.Debug|x86.ActiveCfg = Debug|Any CPU
		{5564724D-61A8-432C-B8B0-B14BC44EBB40}.Release|Any CPU.ActiveCfg = Release|Any CPU
		{5564724D-61A8-432C-B8B0-B14BC44EBB40}.Release|Any CPU.Build.0 = Release|Any CPU
		{5564724D-61A8-432C-B8B0-B14BC44EBB40}.Release|Mixed Platforms.ActiveCfg = Release|Any CPU
		{5564724D-61A8-432C-B8B0-B14BC44EBB40}.Release|Mixed Platforms.Build.0 = Release|Any CPU
		{5564724D-61A8-432C-B8B0-B14BC44EBB40}.Release|x86.ActiveCfg = Release|Any CPU
		{287D3670-F35B-49E9-B4CE-EBEB83E29E33}.Debug|Any CPU.ActiveCfg = Debug|Any CPU
		{287D3670-F35B-49E9-B4CE-EBEB83E29E33}.Debug|Any CPU.Build.0 = Debug|Any CPU
		{287D3670-F35B-49E9-B4CE-EBEB83E29E33}.Debug|Mixed Platforms.ActiveCfg = Debug|Any CPU
		{287D3670-F35B-49E9-B4CE-EBEB83E29E33}.Debug|Mixed Platforms.Build.0 = Debug|Any CPU
		{287D3670-F35B-49E9-B4CE-EBEB83E29E33}.Debug|x86.ActiveCfg = Debug|Any CPU
		{287D3670-F35B-49E9-B4CE-EBEB83E29E33}.Release|Any CPU.ActiveCfg = Release|Any CPU
		{287D3670-F35B-49E9-B4CE-EBEB83E29E33}.Release|Any CPU.Build.0 = Release|Any CPU
		{287D3670-F35B-49E9-B4CE-EBEB83E29E33}.Release|Mixed Platforms.ActiveCfg = Release|Any CPU
		{287D3670-F35B-49E9-B4CE-EBEB83E29E33}.Release|Mixed Platforms.Build.0 = Release|Any CPU
		{287D3670-F35B-49E9-B4CE-EBEB83E29E33}.Release|x86.ActiveCfg = Release|Any CPU
	EndGlobalSection
	GlobalSection(SolutionProperties) = preSolution
		HideSolutionNode = FALSE
	EndGlobalSection
	GlobalSection(NestedProjects) = preSolution
		{9B2E32A4-6FCF-4603-8C06-97EFEF2D4076} = {BD6726A3-2AF1-4B36-BA42-75B1B1CCCF4C}
		{36110949-7E99-41E5-BCB3-B84275CD7505} = {BD6726A3-2AF1-4B36-BA42-75B1B1CCCF4C}
		{DB983911-9D3A-482B-BD08-3762353D3802} = {BD6726A3-2AF1-4B36-BA42-75B1B1CCCF4C}
		{AF28F3BF-7340-408E-B9AC-C9CE0F17A599} = {CADEC22A-F619-436D-9E93-A9325964492B}
		{A4518F6C-4860-4D4C-9DF6-15C4318F9C74} = {CADEC22A-F619-436D-9E93-A9325964492B}
		{67A83368-80F1-467D-950A-64DD5F1EAD6C} = {CADEC22A-F619-436D-9E93-A9325964492B}
		{69C0BC8F-EEF4-4DA8-B220-2B35AA20F273} = {CADEC22A-F619-436D-9E93-A9325964492B}
		{92BBAB07-15D6-46B4-8AB4-E50F598BCFFD} = {CADEC22A-F619-436D-9E93-A9325964492B}
		{3A9D1023-3868-4C2A-AACD-9D749FD04C79} = {9B2E32A4-6FCF-4603-8C06-97EFEF2D4076}
		{6F3C917B-E777-4BE9-9C2B-3DA9C81419A3} = {9B2E32A4-6FCF-4603-8C06-97EFEF2D4076}
		{9615DBE6-10D2-4679-AE37-F982E90430C9} = {9B2E32A4-6FCF-4603-8C06-97EFEF2D4076}
		{5B215BE9-0852-4EC0-8E93-8E37F45AEFCE} = {9B2E32A4-6FCF-4603-8C06-97EFEF2D4076}
		{4F6419BC-4B62-4941-9224-E0A5F211A31C} = {9B2E32A4-6FCF-4603-8C06-97EFEF2D4076}
		{5EA175D9-4870-4584-B950-616F34773F00} = {9B2E32A4-6FCF-4603-8C06-97EFEF2D4076}
		{287D3670-F35B-49E9-B4CE-EBEB83E29E33} = {9B2E32A4-6FCF-4603-8C06-97EFEF2D4076}
		{873A6405-E524-4D55-B0F0-B125DE17655B} = {9314DAF8-7213-4146-9A7B-7271BB8D1D0E}
		{BCC5F365-ACC2-45E2-A33F-76D4411E6E84} = {15D730A0-A12C-4170-B539-10B30F80ED5A}
		{3A775DC5-0596-46B1-95F8-6261D94F0A54} = {15D730A0-A12C-4170-B539-10B30F80ED5A}
		{B9B223C3-F9BF-4CB2-B3E8-84B3805B58A9} = {4466A363-92FF-4FB7-ABBF-0235C06CC71D}
		{CADEC22A-F619-436D-9E93-A9325964492B} = {B22F08AD-2B1C-401F-B70A-FC3705FEB599}
		{9314DAF8-7213-4146-9A7B-7271BB8D1D0E} = {B22F08AD-2B1C-401F-B70A-FC3705FEB599}
		{15D730A0-A12C-4170-B539-10B30F80ED5A} = {B22F08AD-2B1C-401F-B70A-FC3705FEB599}
		{BD6726A3-2AF1-4B36-BA42-75B1B1CCCF4C} = {B22F08AD-2B1C-401F-B70A-FC3705FEB599}
		{4466A363-92FF-4FB7-ABBF-0235C06CC71D} = {B22F08AD-2B1C-401F-B70A-FC3705FEB599}
		{3CF25136-3BF3-4213-9FDC-1E80F2C75171} = {835167B4-D0CC-404A-AA1D-D233A63B0009}
		{5564724D-61A8-432C-B8B0-B14BC44EBB40} = {835167B4-D0CC-404A-AA1D-D233A63B0009}
		{0C9BE6CE-CA69-4EDB-B021-496EEAA0319D} = {FE309E54-C0F2-41AE-8C2C-DE13DFA52616}
		{E361A173-DC05-4C58-B0C5-3D85A817E0DE} = {FE309E54-C0F2-41AE-8C2C-DE13DFA52616}
		{3095DD68-66F1-4DC9-AA60-564EF2FC1EE8} = {681FADC5-EDEA-4949-822C-2A92CCC145DF}
		{E28CC5AE-932C-4F1A-814D-7C6FAEAFA2D4} = {681FADC5-EDEA-4949-822C-2A92CCC145DF}
		{6A70149B-4E43-4712-84B7-6D3981F439F6} = {681FADC5-EDEA-4949-822C-2A92CCC145DF}
		{06685F62-9E66-46D9-B25A-AC00013DC711} = {681FADC5-EDEA-4949-822C-2A92CCC145DF}
		{1DD52070-30C2-432A-89D5-484432A9B8E4} = {681FADC5-EDEA-4949-822C-2A92CCC145DF}
	EndGlobalSection
EndGlobal
