
Microsoft Visual Studio Solution File, Format Version 11.00
# Visual Studio 2010
Project("{FAE04EC0-301F-11D3-BF4B-00C04F79EFBC}") = "DataGenerator", "DataGenerator\DataGenerator.csproj", "{E522CB08-1658-4481-9CD0-4C257A04C940}"
EndProject
Project("{FAE04EC0-301F-11D3-BF4B-00C04F79EFBC}") = "RestaurantWebService", "RestaurantWebService\RestaurantWebService.csproj", "{E111E0D1-DE8A-4224-93D8-A06DC9968013}"
EndProject
Global
	GlobalSection(SolutionConfigurationPlatforms) = preSolution
		Debug|Any CPU = Debug|Any CPU
		Debug|Mixed Platforms = Debug|Mixed Platforms
		Debug|x86 = Debug|x86
		Release|Any CPU = Release|Any CPU
		Release|Mixed Platforms = Release|Mixed Platforms
		Release|x86 = Release|x86
	EndGlobalSection
	GlobalSection(ProjectConfigurationPlatforms) = postSolution
		{E522CB08-1658-4481-9CD0-4C257A04C940}.Debug|Any CPU.ActiveCfg = Debug|x86
		{E522CB08-1658-4481-9CD0-4C257A04C940}.Debug|Mixed Platforms.ActiveCfg = Debug|x86
		{E522CB08-1658-4481-9CD0-4C257A04C940}.Debug|Mixed Platforms.Build.0 = Debug|x86
		{E522CB08-1658-4481-9CD0-4C257A04C940}.Debug|x86.ActiveCfg = Debug|x86
		{E522CB08-1658-4481-9CD0-4C257A04C940}.Debug|x86.Build.0 = Debug|x86
		{E522CB08-1658-4481-9CD0-4C257A04C940}.Release|Any CPU.ActiveCfg = Release|x86
		{E522CB08-1658-4481-9CD0-4C257A04C940}.Release|Mixed Platforms.ActiveCfg = Release|x86
		{E522CB08-1658-4481-9CD0-4C257A04C940}.Release|Mixed Platforms.Build.0 = Release|x86
		{E522CB08-1658-4481-9CD0-4C257A04C940}.Release|x86.ActiveCfg = Release|x86
		{E522CB08-1658-4481-9CD0-4C257A04C940}.Release|x86.Build.0 = Release|x86
		{E111E0D1-DE8A-4224-93D8-A06DC9968013}.Debug|Any CPU.ActiveCfg = Debug|Any CPU
		{E111E0D1-DE8A-4224-93D8-A06DC9968013}.Debug|Any CPU.Build.0 = Debug|Any CPU
		{E111E0D1-DE8A-4224-93D8-A06DC9968013}.Debug|Mixed Platforms.ActiveCfg = Debug|Any CPU
		{E111E0D1-DE8A-4224-93D8-A06DC9968013}.Debug|Mixed Platforms.Build.0 = Debug|Any CPU
		{E111E0D1-DE8A-4224-93D8-A06DC9968013}.Debug|x86.ActiveCfg = Debug|Any CPU
		{E111E0D1-DE8A-4224-93D8-A06DC9968013}.Release|Any CPU.ActiveCfg = Release|Any CPU
		{E111E0D1-DE8A-4224-93D8-A06DC9968013}.Release|Any CPU.Build.0 = Release|Any CPU
		{E111E0D1-DE8A-4224-93D8-A06DC9968013}.Release|Mixed Platforms.ActiveCfg = Release|Any CPU
		{E111E0D1-DE8A-4224-93D8-A06DC9968013}.Release|Mixed Platforms.Build.0 = Release|Any CPU
		{E111E0D1-DE8A-4224-93D8-A06DC9968013}.Release|x86.ActiveCfg = Release|Any CPU
	EndGlobalSection
	GlobalSection(SolutionProperties) = preSolution
		HideSolutionNode = FALSE
	EndGlobalSection
EndGlobal
