
Microsoft Visual Studio Solution File, Format Version 11.00
# Visual Studio 2010
Project("{FAE04EC0-301F-11D3-BF4B-00C04F79EFBC}") = "ObjectRemoter", "ObjectRemoter\ObjectRemoter.csproj", "{0C9BE6CE-CA69-4EDB-B021-496EEAA0319D}"
EndProject
Project("{FAE04EC0-301F-11D3-BF4B-00C04F79EFBC}") = "ObjectRemoter.BasicSystemTest.Server", "Test\ObjectRemoter.BasicSystemTest.Server\ObjectRemoter.BasicSystemTest.Server.csproj", "{303FAC0A-7240-41FD-912F-A153BB35CF23}"
EndProject
Project("{2150E333-8FDC-42A3-9474-1A3956D46DE8}") = "Tests", "Tests", "{2E58FC4B-DAA6-4351-B45C-70E71BDFF0BD}"
EndProject
Project("{2150E333-8FDC-42A3-9474-1A3956D46DE8}") = "BasicSystemTest", "BasicSystemTest", "{7E4437D9-395F-44A2-BBBA-51C895FF0CFC}"
EndProject
Project("{FAE04EC0-301F-11D3-BF4B-00C04F79EFBC}") = "ObjectRemoter.BasicSystemTest.Client", "Test\ObjectRemoter.BasicSystemTest.Client\ObjectRemoter.BasicSystemTest.Client.csproj", "{C7349DCC-BC5B-49B1-A294-FB322D005500}"
EndProject
Global
	GlobalSection(SolutionConfigurationPlatforms) = preSolution
		Debug|Any CPU = Debug|Any CPU
		Debug|Mixed Platforms = Debug|Mixed Platforms
		Debug|x86 = Debug|x86
		Release|Any CPU = Release|Any CPU
		Release|Mixed Platforms = Release|Mixed Platforms
		Release|x86 = Release|x86
	EndGlobalSection
	GlobalSection(ProjectConfigurationPlatforms) = postSolution
		{0C9BE6CE-CA69-4EDB-B021-496EEAA0319D}.Debug|Any CPU.ActiveCfg = Debug|Any CPU
		{0C9BE6CE-CA69-4EDB-B021-496EEAA0319D}.Debug|Any CPU.Build.0 = Debug|Any CPU
		{0C9BE6CE-CA69-4EDB-B021-496EEAA0319D}.Debug|Mixed Platforms.ActiveCfg = Debug|Any CPU
		{0C9BE6CE-CA69-4EDB-B021-496EEAA0319D}.Debug|Mixed Platforms.Build.0 = Debug|Any CPU
		{0C9BE6CE-CA69-4EDB-B021-496EEAA0319D}.Debug|x86.ActiveCfg = Debug|Any CPU
		{0C9BE6CE-CA69-4EDB-B021-496EEAA0319D}.Release|Any CPU.ActiveCfg = Release|Any CPU
		{0C9BE6CE-CA69-4EDB-B021-496EEAA0319D}.Release|Any CPU.Build.0 = Release|Any CPU
		{0C9BE6CE-CA69-4EDB-B021-496EEAA0319D}.Release|Mixed Platforms.ActiveCfg = Release|Any CPU
		{0C9BE6CE-CA69-4EDB-B021-496EEAA0319D}.Release|Mixed Platforms.Build.0 = Release|Any CPU
		{0C9BE6CE-CA69-4EDB-B021-496EEAA0319D}.Release|x86.ActiveCfg = Release|Any CPU
		{303FAC0A-7240-41FD-912F-A153BB35CF23}.Debug|Any CPU.ActiveCfg = Debug|x86
		{303FAC0A-7240-41FD-912F-A153BB35CF23}.Debug|Mixed Platforms.ActiveCfg = Debug|x86
		{303FAC0A-7240-41FD-912F-A153BB35CF23}.Debug|Mixed Platforms.Build.0 = Debug|x86
		{303FAC0A-7240-41FD-912F-A153BB35CF23}.Debug|x86.ActiveCfg = Debug|x86
		{303FAC0A-7240-41FD-912F-A153BB35CF23}.Debug|x86.Build.0 = Debug|x86
		{303FAC0A-7240-41FD-912F-A153BB35CF23}.Release|Any CPU.ActiveCfg = Release|x86
		{303FAC0A-7240-41FD-912F-A153BB35CF23}.Release|Mixed Platforms.ActiveCfg = Release|x86
		{303FAC0A-7240-41FD-912F-A153BB35CF23}.Release|Mixed Platforms.Build.0 = Release|x86
		{303FAC0A-7240-41FD-912F-A153BB35CF23}.Release|x86.ActiveCfg = Release|x86
		{303FAC0A-7240-41FD-912F-A153BB35CF23}.Release|x86.Build.0 = Release|x86
		{C7349DCC-BC5B-49B1-A294-FB322D005500}.Debug|Any CPU.ActiveCfg = Debug|x86
		{C7349DCC-BC5B-49B1-A294-FB322D005500}.Debug|Mixed Platforms.ActiveCfg = Debug|x86
		{C7349DCC-BC5B-49B1-A294-FB322D005500}.Debug|Mixed Platforms.Build.0 = Debug|x86
		{C7349DCC-BC5B-49B1-A294-FB322D005500}.Debug|x86.ActiveCfg = Debug|x86
		{C7349DCC-BC5B-49B1-A294-FB322D005500}.Debug|x86.Build.0 = Debug|x86
		{C7349DCC-BC5B-49B1-A294-FB322D005500}.Release|Any CPU.ActiveCfg = Release|x86
		{C7349DCC-BC5B-49B1-A294-FB322D005500}.Release|Mixed Platforms.ActiveCfg = Release|x86
		{C7349DCC-BC5B-49B1-A294-FB322D005500}.Release|Mixed Platforms.Build.0 = Release|x86
		{C7349DCC-BC5B-49B1-A294-FB322D005500}.Release|x86.ActiveCfg = Release|x86
		{C7349DCC-BC5B-49B1-A294-FB322D005500}.Release|x86.Build.0 = Release|x86
	EndGlobalSection
	GlobalSection(SolutionProperties) = preSolution
		HideSolutionNode = FALSE
	EndGlobalSection
	GlobalSection(NestedProjects) = preSolution
		{7E4437D9-395F-44A2-BBBA-51C895FF0CFC} = {2E58FC4B-DAA6-4351-B45C-70E71BDFF0BD}
		{303FAC0A-7240-41FD-912F-A153BB35CF23} = {7E4437D9-395F-44A2-BBBA-51C895FF0CFC}
		{C7349DCC-BC5B-49B1-A294-FB322D005500} = {7E4437D9-395F-44A2-BBBA-51C895FF0CFC}
	EndGlobalSection
EndGlobal
