Microsoft Visual Studio Solution File, Format Version 11.00
# Visual Studio 2010
Project("{FAE04EC0-301F-11D3-BF4B-00C04F79EFBC}") = "Broker", "XRouter\Broker\Broker.csproj", "{977DBEE2-3A2C-45B7-B7A5-7D8637CF1974}"
EndProject
Project("{FAE04EC0-301F-11D3-BF4B-00C04F79EFBC}") = "Broker.Dispatcher", "XRouter\Broker.Dispatcher\Broker.Dispatcher.csproj", "{5D2C3DB2-FAAA-443B-883A-F3D5FBAAD70D}"
EndProject
Project("{FAE04EC0-301F-11D3-BF4B-00C04F79EFBC}") = "Gateway", "XRouter\Gateway\Gateway.csproj", "{0ED30A6E-933E-42A6-993A-64E2645FCDB0}"
EndProject
Project("{FAE04EC0-301F-11D3-BF4B-00C04F79EFBC}") = "Processor", "XRouter\Processor\Processor.csproj", "{69C0BC8F-EEF4-4DA8-B220-2B35AA20F273}"
EndProject
Project("{FAE04EC0-301F-11D3-BF4B-00C04F79EFBC}") = "Workflow", "XRouter\Workflow\Workflow.csproj", "{92BBAB07-15D6-46B4-8AB4-E50F598BCFFD}"
EndProject
Project("{FAE04EC0-301F-11D3-BF4B-00C04F79EFBC}") = "Console.XRM", "XRouter\Console.XRM\Console.XRM.csproj", "{BCC5F365-ACC2-45E2-A33F-76D4411E6E84}"
EndProject
Project("{FAE04EC0-301F-11D3-BF4B-00C04F79EFBC}") = "Gateway.Adapter", "XRouter\Gateway.Adapter\Gateway.Adapter.csproj", "{FDDB960E-E765-4E86-856F-68AE2887C33B}"
EndProject
Project("{FAE04EC0-301F-11D3-BF4B-00C04F79EFBC}") = "Gateway.Adapter.Endpoint", "XRouter\Gateway.Adapter.Endpoint\Gateway.Adapter.Endpoint.csproj", "{33113EE2-97F2-4A0D-9AD7-55160A102B6D}"
EndProject
Project("{FAE04EC0-301F-11D3-BF4B-00C04F79EFBC}") = "Workflow.Test", "XRouter\Workflow\Test\Workflow.Test.csproj", "{4F6419BC-4B62-4941-9224-E0A5F211A31C}"
EndProject
Project("{FAE04EC0-301F-11D3-BF4B-00C04F79EFBC}") = "Test", "XRouter\Test\Test.csproj", "{36110949-7E99-41E5-BCB3-B84275CD7505}"
EndProject
Project("{FAE04EC0-301F-11D3-BF4B-00C04F79EFBC}") = "Test.Integration", "XRouter\Test.Integration\Test.Integration.csproj", "{DB983911-9D3A-482B-BD08-3762353D3802}"
EndProject
Project("{FAE04EC0-301F-11D3-BF4B-00C04F79EFBC}") = "Broker.Test", "XRouter\Broker\Test\Broker.Test.csproj", "{3A9D1023-3868-4C2A-AACD-9D749FD04C79}"
EndProject
Project("{FAE04EC0-301F-11D3-BF4B-00C04F79EFBC}") = "Broker.Dispatcher.Test", "XRouter\Broker.Dispatcher\Test\Broker.Dispatcher.Test.csproj", "{A8E68D28-922D-43C9-8F45-3A70A361F9EA}"
EndProject
Project("{FAE04EC0-301F-11D3-BF4B-00C04F79EFBC}") = "Gateway.Test", "XRouter\Gateway\Test\Gateway.Test.csproj", "{9615DBE6-10D2-4679-AE37-F982E90430C9}"
EndProject
Project("{FAE04EC0-301F-11D3-BF4B-00C04F79EFBC}") = "Gateway.Adapter.Test", "XRouter\Gateway.Adapter\Test\Gateway.Adapter.Test.csproj", "{DBF8ECCB-656A-406E-AA9E-E98EFFA068F2}"
EndProject
Project("{FAE04EC0-301F-11D3-BF4B-00C04F79EFBC}") = "Processor.Test", "XRouter\Processor\Test\Processor.Test.csproj", "{5B215BE9-0852-4EC0-8E93-8E37F45AEFCE}"
EndProject
Project("{FAE04EC0-301F-11D3-BF4B-00C04F79EFBC}") = "Console.XRM.Test", "XRouter\Console.XRM\Test\Console.XRM.Test.csproj", "{287D3670-F35B-49E9-B4CE-EBEB83E29E33}"
EndProject
Project("{FAE04EC0-301F-11D3-BF4B-00C04F79EFBC}") = "Gateway.Adapter.Endpoint.Test", "XRouter\Gateway.Adapter.Endpoint\Test\Gateway.Adapter.Endpoint.Test.csproj", "{6F3C917B-E777-4BE9-9C2B-3DA9C81419A3}"
EndProject
Project("{FAE04EC0-301F-11D3-BF4B-00C04F79EFBC}") = "Console", "XRouter\Console\Console.csproj", "{B9B223C3-F9BF-4CB2-B3E8-84B3805B58A9}"
EndProject
Project("{2150E333-8FDC-42A3-9474-1A3956D46DE8}") = "Testing", "Testing", "{BD6726A3-2AF1-4B36-BA42-75B1B1CCCF4C}"
EndProject
Project("{2150E333-8FDC-42A3-9474-1A3956D46DE8}") = "Components", "Components", "{CADEC22A-F619-436D-9E93-A9325964492B}"
EndProject
Project("{2150E333-8FDC-42A3-9474-1A3956D46DE8}") = "Unit tests", "Unit tests", "{9B2E32A4-6FCF-4603-8C06-97EFEF2D4076}"
EndProject
Project("{2150E333-8FDC-42A3-9474-1A3956D46DE8}") = "SchemaTron", "SchemaTron", "{2DE16D93-77BD-4F80-B892-24942DD0BE0D}"
EndProject
Project("{FAE04EC0-301F-11D3-BF4B-00C04F79EFBC}") = "SchemaTron", "SchemaTron\SchemaTron\SchemaTron.csproj", "{27FFC724-6887-4397-ACFF-A868FB63E0B0}"
EndProject
Project("{2150E333-8FDC-42A3-9474-1A3956D46DE8}") = "XRouter", "XRouter", "{1B35BA76-B8E7-4FA5-A526-0851C3A1FFA0}"
EndProject
Project("{2150E333-8FDC-42A3-9474-1A3956D46DE8}") = "DaemonNT", "DaemonNT", "{8CC91EC0-BDC5-4504-9983-071373511DB1}"
EndProject
Project("{2150E333-8FDC-42A3-9474-1A3956D46DE8}") = "Testing", "Testing", "{80B53B8B-8A1E-4CF4-89F6-603960619215}"
EndProject
Project("{2150E333-8FDC-42A3-9474-1A3956D46DE8}") = "Unit tests", "Unit tests", "{8D01C3B4-05F4-4120-B345-7F466710E2A2}"
EndProject
Project("{FAE04EC0-301F-11D3-BF4B-00C04F79EFBC}") = "SchemaTron.Test", "SchemaTron\SchemaTron\Test\SchemaTron.Test.csproj", "{D0368BEE-FA98-4C5C-AA36-D360DBA5901A}"
EndProject
Project("{FAE04EC0-301F-11D3-BF4B-00C04F79EFBC}") = "DaemonNT", "DaemonNT\DaemonNT\DaemonNT.csproj", "{EFCABBF3-95CB-41E3-8F1A-471AA5968844}"
EndProject
Project("{FAE04EC0-301F-11D3-BF4B-00C04F79EFBC}") = "DaemonNT.Watchdog", "DaemonNT\DaemonNT.Watchdog\DaemonNT.Watchdog.csproj", "{ACDE11AE-9AB3-4116-B2AC-058C73F8EE22}"
EndProject
Project("{2150E333-8FDC-42A3-9474-1A3956D46DE8}") = "Testing", "Testing", "{919BCE50-E731-4948-A1C5-91C3B1A5FBF3}"
EndProject
Project("{2150E333-8FDC-42A3-9474-1A3956D46DE8}") = "Unit tests", "Unit tests", "{501B4E92-8141-4C6C-BEDE-09E62865E6E6}"
EndProject
Project("{FAE04EC0-301F-11D3-BF4B-00C04F79EFBC}") = "DaemonNT.Test", "DaemonNT\DaemonNT\Test\DaemonNT.Test.csproj", "{1D439AC1-5DE1-4CFF-8327-74F636E3E6F1}"
EndProject
Project("{FAE04EC0-301F-11D3-BF4B-00C04F79EFBC}") = "DaemonNT.Watchdog.Test", "DaemonNT\DaemonNT.Watchdog\Test\DaemonNT.Watchdog.Test.csproj", "{1C8DA903-069C-4490-B56A-6D3DA7E5D2B5}"
EndProject
Project("{2150E333-8FDC-42A3-9474-1A3956D46DE8}") = "Data access layer", "Data access layer", "{E766DA94-2666-48AE-87E7-0DA794D4F7FB}"
EndProject
Project("{FAE04EC0-301F-11D3-BF4B-00C04F79EFBC}") = "Data", "XRouter\Data\Data.csproj", "{E179E074-E263-4D41-8D75-992618F8DD7E}"
EndProject
Project("{2150E333-8FDC-42A3-9474-1A3956D46DE8}") = "Middleware", "Middleware", "{1D462DDF-1335-4D1F-B99B-AC67B9A638BA}"
EndProject
Project("{FAE04EC0-301F-11D3-BF4B-00C04F79EFBC}") = "Middleware", "Middleware\Middleware\Middleware.csproj", "{920F61DB-17B9-4CCA-A6D5-05038BC5B434}"
EndProject
Global
	GlobalSection(SolutionConfigurationPlatforms) = preSolution
		Debug|Any CPU = Debug|Any CPU
		Release|Any CPU = Release|Any CPU
	EndGlobalSection
	GlobalSection(ProjectConfigurationPlatforms) = postSolution
		{977DBEE2-3A2C-45B7-B7A5-7D8637CF1974}.Debug|Any CPU.ActiveCfg = Debug|Any CPU
		{977DBEE2-3A2C-45B7-B7A5-7D8637CF1974}.Debug|Any CPU.Build.0 = Debug|Any CPU
		{977DBEE2-3A2C-45B7-B7A5-7D8637CF1974}.Release|Any CPU.ActiveCfg = Release|Any CPU
		{977DBEE2-3A2C-45B7-B7A5-7D8637CF1974}.Release|Any CPU.Build.0 = Release|Any CPU
		{5D2C3DB2-FAAA-443B-883A-F3D5FBAAD70D}.Debug|Any CPU.ActiveCfg = Debug|Any CPU
		{5D2C3DB2-FAAA-443B-883A-F3D5FBAAD70D}.Debug|Any CPU.Build.0 = Debug|Any CPU
		{5D2C3DB2-FAAA-443B-883A-F3D5FBAAD70D}.Release|Any CPU.ActiveCfg = Release|Any CPU
		{5D2C3DB2-FAAA-443B-883A-F3D5FBAAD70D}.Release|Any CPU.Build.0 = Release|Any CPU
		{0ED30A6E-933E-42A6-993A-64E2645FCDB0}.Debug|Any CPU.ActiveCfg = Debug|Any CPU
		{0ED30A6E-933E-42A6-993A-64E2645FCDB0}.Debug|Any CPU.Build.0 = Debug|Any CPU
		{0ED30A6E-933E-42A6-993A-64E2645FCDB0}.Release|Any CPU.ActiveCfg = Release|Any CPU
		{0ED30A6E-933E-42A6-993A-64E2645FCDB0}.Release|Any CPU.Build.0 = Release|Any CPU
		{69C0BC8F-EEF4-4DA8-B220-2B35AA20F273}.Debug|Any CPU.ActiveCfg = Debug|Any CPU
		{69C0BC8F-EEF4-4DA8-B220-2B35AA20F273}.Debug|Any CPU.Build.0 = Debug|Any CPU
		{69C0BC8F-EEF4-4DA8-B220-2B35AA20F273}.Release|Any CPU.ActiveCfg = Release|Any CPU
		{69C0BC8F-EEF4-4DA8-B220-2B35AA20F273}.Release|Any CPU.Build.0 = Release|Any CPU
		{92BBAB07-15D6-46B4-8AB4-E50F598BCFFD}.Debug|Any CPU.ActiveCfg = Debug|Any CPU
		{92BBAB07-15D6-46B4-8AB4-E50F598BCFFD}.Debug|Any CPU.Build.0 = Debug|Any CPU
		{92BBAB07-15D6-46B4-8AB4-E50F598BCFFD}.Release|Any CPU.ActiveCfg = Release|Any CPU
		{92BBAB07-15D6-46B4-8AB4-E50F598BCFFD}.Release|Any CPU.Build.0 = Release|Any CPU
		{BCC5F365-ACC2-45E2-A33F-76D4411E6E84}.Debug|Any CPU.ActiveCfg = Debug|Any CPU
		{BCC5F365-ACC2-45E2-A33F-76D4411E6E84}.Debug|Any CPU.Build.0 = Debug|Any CPU
		{BCC5F365-ACC2-45E2-A33F-76D4411E6E84}.Release|Any CPU.ActiveCfg = Release|Any CPU
		{BCC5F365-ACC2-45E2-A33F-76D4411E6E84}.Release|Any CPU.Build.0 = Release|Any CPU
		{FDDB960E-E765-4E86-856F-68AE2887C33B}.Debug|Any CPU.ActiveCfg = Debug|Any CPU
		{FDDB960E-E765-4E86-856F-68AE2887C33B}.Debug|Any CPU.Build.0 = Debug|Any CPU
		{FDDB960E-E765-4E86-856F-68AE2887C33B}.Release|Any CPU.ActiveCfg = Release|Any CPU
		{FDDB960E-E765-4E86-856F-68AE2887C33B}.Release|Any CPU.Build.0 = Release|Any CPU
		{33113EE2-97F2-4A0D-9AD7-55160A102B6D}.Debug|Any CPU.ActiveCfg = Debug|Any CPU
		{33113EE2-97F2-4A0D-9AD7-55160A102B6D}.Debug|Any CPU.Build.0 = Debug|Any CPU
		{33113EE2-97F2-4A0D-9AD7-55160A102B6D}.Release|Any CPU.ActiveCfg = Release|Any CPU
		{33113EE2-97F2-4A0D-9AD7-55160A102B6D}.Release|Any CPU.Build.0 = Release|Any CPU
		{4F6419BC-4B62-4941-9224-E0A5F211A31C}.Debug|Any CPU.ActiveCfg = Debug|Any CPU
		{4F6419BC-4B62-4941-9224-E0A5F211A31C}.Debug|Any CPU.Build.0 = Debug|Any CPU
		{4F6419BC-4B62-4941-9224-E0A5F211A31C}.Release|Any CPU.ActiveCfg = Release|Any CPU
		{4F6419BC-4B62-4941-9224-E0A5F211A31C}.Release|Any CPU.Build.0 = Release|Any CPU
		{36110949-7E99-41E5-BCB3-B84275CD7505}.Debug|Any CPU.ActiveCfg = Debug|Any CPU
		{36110949-7E99-41E5-BCB3-B84275CD7505}.Debug|Any CPU.Build.0 = Debug|Any CPU
		{36110949-7E99-41E5-BCB3-B84275CD7505}.Release|Any CPU.ActiveCfg = Release|Any CPU
		{36110949-7E99-41E5-BCB3-B84275CD7505}.Release|Any CPU.Build.0 = Release|Any CPU
		{DB983911-9D3A-482B-BD08-3762353D3802}.Debug|Any CPU.ActiveCfg = Debug|Any CPU
		{DB983911-9D3A-482B-BD08-3762353D3802}.Debug|Any CPU.Build.0 = Debug|Any CPU
		{DB983911-9D3A-482B-BD08-3762353D3802}.Release|Any CPU.ActiveCfg = Release|Any CPU
		{DB983911-9D3A-482B-BD08-3762353D3802}.Release|Any CPU.Build.0 = Release|Any CPU
		{3A9D1023-3868-4C2A-AACD-9D749FD04C79}.Debug|Any CPU.ActiveCfg = Debug|Any CPU
		{3A9D1023-3868-4C2A-AACD-9D749FD04C79}.Debug|Any CPU.Build.0 = Debug|Any CPU
		{3A9D1023-3868-4C2A-AACD-9D749FD04C79}.Release|Any CPU.ActiveCfg = Release|Any CPU
		{3A9D1023-3868-4C2A-AACD-9D749FD04C79}.Release|Any CPU.Build.0 = Release|Any CPU
		{A8E68D28-922D-43C9-8F45-3A70A361F9EA}.Debug|Any CPU.ActiveCfg = Debug|Any CPU
		{A8E68D28-922D-43C9-8F45-3A70A361F9EA}.Debug|Any CPU.Build.0 = Debug|Any CPU
		{A8E68D28-922D-43C9-8F45-3A70A361F9EA}.Release|Any CPU.ActiveCfg = Release|Any CPU
		{A8E68D28-922D-43C9-8F45-3A70A361F9EA}.Release|Any CPU.Build.0 = Release|Any CPU
		{9615DBE6-10D2-4679-AE37-F982E90430C9}.Debug|Any CPU.ActiveCfg = Debug|Any CPU
		{9615DBE6-10D2-4679-AE37-F982E90430C9}.Debug|Any CPU.Build.0 = Debug|Any CPU
		{9615DBE6-10D2-4679-AE37-F982E90430C9}.Release|Any CPU.ActiveCfg = Release|Any CPU
		{9615DBE6-10D2-4679-AE37-F982E90430C9}.Release|Any CPU.Build.0 = Release|Any CPU
		{DBF8ECCB-656A-406E-AA9E-E98EFFA068F2}.Debug|Any CPU.ActiveCfg = Debug|Any CPU
		{DBF8ECCB-656A-406E-AA9E-E98EFFA068F2}.Debug|Any CPU.Build.0 = Debug|Any CPU
		{DBF8ECCB-656A-406E-AA9E-E98EFFA068F2}.Release|Any CPU.ActiveCfg = Release|Any CPU
		{DBF8ECCB-656A-406E-AA9E-E98EFFA068F2}.Release|Any CPU.Build.0 = Release|Any CPU
		{5B215BE9-0852-4EC0-8E93-8E37F45AEFCE}.Debug|Any CPU.ActiveCfg = Debug|Any CPU
		{5B215BE9-0852-4EC0-8E93-8E37F45AEFCE}.Debug|Any CPU.Build.0 = Debug|Any CPU
		{5B215BE9-0852-4EC0-8E93-8E37F45AEFCE}.Release|Any CPU.ActiveCfg = Release|Any CPU
		{5B215BE9-0852-4EC0-8E93-8E37F45AEFCE}.Release|Any CPU.Build.0 = Release|Any CPU
		{287D3670-F35B-49E9-B4CE-EBEB83E29E33}.Debug|Any CPU.ActiveCfg = Debug|Any CPU
		{287D3670-F35B-49E9-B4CE-EBEB83E29E33}.Debug|Any CPU.Build.0 = Debug|Any CPU
		{287D3670-F35B-49E9-B4CE-EBEB83E29E33}.Release|Any CPU.ActiveCfg = Release|Any CPU
		{287D3670-F35B-49E9-B4CE-EBEB83E29E33}.Release|Any CPU.Build.0 = Release|Any CPU
		{6F3C917B-E777-4BE9-9C2B-3DA9C81419A3}.Debug|Any CPU.ActiveCfg = Debug|Any CPU
		{6F3C917B-E777-4BE9-9C2B-3DA9C81419A3}.Debug|Any CPU.Build.0 = Debug|Any CPU
		{6F3C917B-E777-4BE9-9C2B-3DA9C81419A3}.Release|Any CPU.ActiveCfg = Release|Any CPU
		{6F3C917B-E777-4BE9-9C2B-3DA9C81419A3}.Release|Any CPU.Build.0 = Release|Any CPU
		{B9B223C3-F9BF-4CB2-B3E8-84B3805B58A9}.Debug|Any CPU.ActiveCfg = Debug|Any CPU
		{B9B223C3-F9BF-4CB2-B3E8-84B3805B58A9}.Debug|Any CPU.Build.0 = Debug|Any CPU
		{B9B223C3-F9BF-4CB2-B3E8-84B3805B58A9}.Release|Any CPU.ActiveCfg = Release|Any CPU
		{B9B223C3-F9BF-4CB2-B3E8-84B3805B58A9}.Release|Any CPU.Build.0 = Release|Any CPU
		{27FFC724-6887-4397-ACFF-A868FB63E0B0}.Debug|Any CPU.ActiveCfg = Debug|Any CPU
		{27FFC724-6887-4397-ACFF-A868FB63E0B0}.Debug|Any CPU.Build.0 = Debug|Any CPU
		{27FFC724-6887-4397-ACFF-A868FB63E0B0}.Release|Any CPU.ActiveCfg = Release|Any CPU
		{27FFC724-6887-4397-ACFF-A868FB63E0B0}.Release|Any CPU.Build.0 = Release|Any CPU
		{D0368BEE-FA98-4C5C-AA36-D360DBA5901A}.Debug|Any CPU.ActiveCfg = Debug|Any CPU
		{D0368BEE-FA98-4C5C-AA36-D360DBA5901A}.Debug|Any CPU.Build.0 = Debug|Any CPU
		{D0368BEE-FA98-4C5C-AA36-D360DBA5901A}.Release|Any CPU.ActiveCfg = Release|Any CPU
		{D0368BEE-FA98-4C5C-AA36-D360DBA5901A}.Release|Any CPU.Build.0 = Release|Any CPU
		{EFCABBF3-95CB-41E3-8F1A-471AA5968844}.Debug|Any CPU.ActiveCfg = Debug|Any CPU
		{EFCABBF3-95CB-41E3-8F1A-471AA5968844}.Debug|Any CPU.Build.0 = Debug|Any CPU
		{EFCABBF3-95CB-41E3-8F1A-471AA5968844}.Release|Any CPU.ActiveCfg = Release|Any CPU
		{EFCABBF3-95CB-41E3-8F1A-471AA5968844}.Release|Any CPU.Build.0 = Release|Any CPU
		{ACDE11AE-9AB3-4116-B2AC-058C73F8EE22}.Debug|Any CPU.ActiveCfg = Debug|Any CPU
		{ACDE11AE-9AB3-4116-B2AC-058C73F8EE22}.Debug|Any CPU.Build.0 = Debug|Any CPU
		{ACDE11AE-9AB3-4116-B2AC-058C73F8EE22}.Release|Any CPU.ActiveCfg = Release|Any CPU
		{ACDE11AE-9AB3-4116-B2AC-058C73F8EE22}.Release|Any CPU.Build.0 = Release|Any CPU
		{1D439AC1-5DE1-4CFF-8327-74F636E3E6F1}.Debug|Any CPU.ActiveCfg = Debug|Any CPU
		{1D439AC1-5DE1-4CFF-8327-74F636E3E6F1}.Debug|Any CPU.Build.0 = Debug|Any CPU
		{1D439AC1-5DE1-4CFF-8327-74F636E3E6F1}.Release|Any CPU.ActiveCfg = Release|Any CPU
		{1D439AC1-5DE1-4CFF-8327-74F636E3E6F1}.Release|Any CPU.Build.0 = Release|Any CPU
		{1C8DA903-069C-4490-B56A-6D3DA7E5D2B5}.Debug|Any CPU.ActiveCfg = Debug|Any CPU
		{1C8DA903-069C-4490-B56A-6D3DA7E5D2B5}.Debug|Any CPU.Build.0 = Debug|Any CPU
		{1C8DA903-069C-4490-B56A-6D3DA7E5D2B5}.Release|Any CPU.ActiveCfg = Release|Any CPU
		{1C8DA903-069C-4490-B56A-6D3DA7E5D2B5}.Release|Any CPU.Build.0 = Release|Any CPU
		{E179E074-E263-4D41-8D75-992618F8DD7E}.Debug|Any CPU.ActiveCfg = Debug|Any CPU
		{E179E074-E263-4D41-8D75-992618F8DD7E}.Debug|Any CPU.Build.0 = Debug|Any CPU
		{E179E074-E263-4D41-8D75-992618F8DD7E}.Release|Any CPU.ActiveCfg = Release|Any CPU
		{E179E074-E263-4D41-8D75-992618F8DD7E}.Release|Any CPU.Build.0 = Release|Any CPU
		{920F61DB-17B9-4CCA-A6D5-05038BC5B434}.Debug|Any CPU.ActiveCfg = Debug|Any CPU
		{920F61DB-17B9-4CCA-A6D5-05038BC5B434}.Debug|Any CPU.Build.0 = Debug|Any CPU
		{920F61DB-17B9-4CCA-A6D5-05038BC5B434}.Release|Any CPU.ActiveCfg = Release|Any CPU
		{920F61DB-17B9-4CCA-A6D5-05038BC5B434}.Release|Any CPU.Build.0 = Release|Any CPU
	EndGlobalSection
	GlobalSection(SolutionProperties) = preSolution
		HideSolutionNode = FALSE
	EndGlobalSection
	GlobalSection(NestedProjects) = preSolution
		{CADEC22A-F619-436D-9E93-A9325964492B} = {1B35BA76-B8E7-4FA5-A526-0851C3A1FFA0}
		{BD6726A3-2AF1-4B36-BA42-75B1B1CCCF4C} = {1B35BA76-B8E7-4FA5-A526-0851C3A1FFA0}
		{E766DA94-2666-48AE-87E7-0DA794D4F7FB} = {1B35BA76-B8E7-4FA5-A526-0851C3A1FFA0}
		{0ED30A6E-933E-42A6-993A-64E2645FCDB0} = {CADEC22A-F619-436D-9E93-A9325964492B}
		{69C0BC8F-EEF4-4DA8-B220-2B35AA20F273} = {CADEC22A-F619-436D-9E93-A9325964492B}
		{92BBAB07-15D6-46B4-8AB4-E50F598BCFFD} = {CADEC22A-F619-436D-9E93-A9325964492B}
		{BCC5F365-ACC2-45E2-A33F-76D4411E6E84} = {CADEC22A-F619-436D-9E93-A9325964492B}
		{FDDB960E-E765-4E86-856F-68AE2887C33B} = {CADEC22A-F619-436D-9E93-A9325964492B}
		{33113EE2-97F2-4A0D-9AD7-55160A102B6D} = {CADEC22A-F619-436D-9E93-A9325964492B}
		{B9B223C3-F9BF-4CB2-B3E8-84B3805B58A9} = {CADEC22A-F619-436D-9E93-A9325964492B}
		{5D2C3DB2-FAAA-443B-883A-F3D5FBAAD70D} = {CADEC22A-F619-436D-9E93-A9325964492B}
		{977DBEE2-3A2C-45B7-B7A5-7D8637CF1974} = {CADEC22A-F619-436D-9E93-A9325964492B}
		{36110949-7E99-41E5-BCB3-B84275CD7505} = {BD6726A3-2AF1-4B36-BA42-75B1B1CCCF4C}
		{DB983911-9D3A-482B-BD08-3762353D3802} = {BD6726A3-2AF1-4B36-BA42-75B1B1CCCF4C}
		{9B2E32A4-6FCF-4603-8C06-97EFEF2D4076} = {BD6726A3-2AF1-4B36-BA42-75B1B1CCCF4C}
		{A8E68D28-922D-43C9-8F45-3A70A361F9EA} = {9B2E32A4-6FCF-4603-8C06-97EFEF2D4076}
		{9615DBE6-10D2-4679-AE37-F982E90430C9} = {9B2E32A4-6FCF-4603-8C06-97EFEF2D4076}
		{DBF8ECCB-656A-406E-AA9E-E98EFFA068F2} = {9B2E32A4-6FCF-4603-8C06-97EFEF2D4076}
		{5B215BE9-0852-4EC0-8E93-8E37F45AEFCE} = {9B2E32A4-6FCF-4603-8C06-97EFEF2D4076}
		{287D3670-F35B-49E9-B4CE-EBEB83E29E33} = {9B2E32A4-6FCF-4603-8C06-97EFEF2D4076}
		{6F3C917B-E777-4BE9-9C2B-3DA9C81419A3} = {9B2E32A4-6FCF-4603-8C06-97EFEF2D4076}
		{4F6419BC-4B62-4941-9224-E0A5F211A31C} = {9B2E32A4-6FCF-4603-8C06-97EFEF2D4076}
		{3A9D1023-3868-4C2A-AACD-9D749FD04C79} = {9B2E32A4-6FCF-4603-8C06-97EFEF2D4076}
		{27FFC724-6887-4397-ACFF-A868FB63E0B0} = {2DE16D93-77BD-4F80-B892-24942DD0BE0D}
		{80B53B8B-8A1E-4CF4-89F6-603960619215} = {2DE16D93-77BD-4F80-B892-24942DD0BE0D}
		{EFCABBF3-95CB-41E3-8F1A-471AA5968844} = {8CC91EC0-BDC5-4504-9983-071373511DB1}
		{ACDE11AE-9AB3-4116-B2AC-058C73F8EE22} = {8CC91EC0-BDC5-4504-9983-071373511DB1}
		{919BCE50-E731-4948-A1C5-91C3B1A5FBF3} = {8CC91EC0-BDC5-4504-9983-071373511DB1}
		{8D01C3B4-05F4-4120-B345-7F466710E2A2} = {80B53B8B-8A1E-4CF4-89F6-603960619215}
		{D0368BEE-FA98-4C5C-AA36-D360DBA5901A} = {8D01C3B4-05F4-4120-B345-7F466710E2A2}
		{501B4E92-8141-4C6C-BEDE-09E62865E6E6} = {919BCE50-E731-4948-A1C5-91C3B1A5FBF3}
		{1D439AC1-5DE1-4CFF-8327-74F636E3E6F1} = {501B4E92-8141-4C6C-BEDE-09E62865E6E6}
		{1C8DA903-069C-4490-B56A-6D3DA7E5D2B5} = {501B4E92-8141-4C6C-BEDE-09E62865E6E6}
		{E179E074-E263-4D41-8D75-992618F8DD7E} = {E766DA94-2666-48AE-87E7-0DA794D4F7FB}
		{920F61DB-17B9-4CCA-A6D5-05038BC5B434} = {1D462DDF-1335-4D1F-B99B-AC67B9A638BA}
	EndGlobalSection
EndGlobal
