
Microsoft Visual Studio Solution File, Format Version 11.00
# Visual Studio 2010
Project("{FAE04EC0-301F-11D3-BF4B-00C04F79EFBC}") = "Requestor", "Requestor.csproj", "{2FD199A6-AE27-477C-A7D0-EC3510335ADC}"
EndProject
Global
	GlobalSection(SolutionConfigurationPlatforms) = preSolution
		Debug|x86 = Debug|x86
		Release|x86 = Release|x86
	EndGlobalSection
	GlobalSection(ProjectConfigurationPlatforms) = postSolution
		{2FD199A6-AE27-477C-A7D0-EC3510335ADC}.Debug|x86.ActiveCfg = Debug|x86
		{2FD199A6-AE27-477C-A7D0-EC3510335ADC}.Debug|x86.Build.0 = Debug|x86
		{2FD199A6-AE27-477C-A7D0-EC3510335ADC}.Release|x86.ActiveCfg = Release|x86
		{2FD199A6-AE27-477C-A7D0-EC3510335ADC}.Release|x86.Build.0 = Release|x86
	EndGlobalSection
	GlobalSection(SolutionProperties) = preSolution
		HideSolutionNode = FALSE
	EndGlobalSection
EndGlobal
