
Microsoft Visual Studio Solution File, Format Version 11.00
# Visual Studio 2010
Project("{2150E333-8FDC-42A3-9474-1A3956D46DE8}") = "Testing", "Testing", "{BD6726A3-2AF1-4B36-BA42-75B1B1CCCF4C}"
EndProject
Project("{2150E333-8FDC-42A3-9474-1A3956D46DE8}") = "Unit tests", "Unit tests", "{9B2E32A4-6FCF-4603-8C06-97EFEF2D4076}"
EndProject
Project("{FAE04EC0-301F-11D3-BF4B-00C04F79EFBC}") = "SchemaTron", "SchemaTron\SchemaTron.csproj", "{27FFC724-6887-4397-ACFF-A868FB63E0B0}"
EndProject
Project("{FAE04EC0-301F-11D3-BF4B-00C04F79EFBC}") = "SchemaTron.Test", "SchemaTron\Test\SchemaTron.Test.csproj", "{D0368BEE-FA98-4C5C-AA36-D360DBA5901A}"
EndProject
Global
	GlobalSection(SolutionConfigurationPlatforms) = preSolution
		Debug|Any CPU = Debug|Any CPU
		Release|Any CPU = Release|Any CPU
	EndGlobalSection
	GlobalSection(ProjectConfigurationPlatforms) = postSolution
		{27FFC724-6887-4397-ACFF-A868FB63E0B0}.Debug|Any CPU.ActiveCfg = Debug|Any CPU
		{27FFC724-6887-4397-ACFF-A868FB63E0B0}.Debug|Any CPU.Build.0 = Debug|Any CPU
		{27FFC724-6887-4397-ACFF-A868FB63E0B0}.Release|Any CPU.ActiveCfg = Release|Any CPU
		{27FFC724-6887-4397-ACFF-A868FB63E0B0}.Release|Any CPU.Build.0 = Release|Any CPU
		{D0368BEE-FA98-4C5C-AA36-D360DBA5901A}.Debug|Any CPU.ActiveCfg = Debug|Any CPU
		{D0368BEE-FA98-4C5C-AA36-D360DBA5901A}.Debug|Any CPU.Build.0 = Debug|Any CPU
		{D0368BEE-FA98-4C5C-AA36-D360DBA5901A}.Release|Any CPU.ActiveCfg = Release|Any CPU
		{D0368BEE-FA98-4C5C-AA36-D360DBA5901A}.Release|Any CPU.Build.0 = Release|Any CPU
	EndGlobalSection
	GlobalSection(SolutionProperties) = preSolution
		HideSolutionNode = FALSE
	EndGlobalSection
	GlobalSection(NestedProjects) = preSolution
		{9B2E32A4-6FCF-4603-8C06-97EFEF2D4076} = {BD6726A3-2AF1-4B36-BA42-75B1B1CCCF4C}
		{D0368BEE-FA98-4C5C-AA36-D360DBA5901A} = {9B2E32A4-6FCF-4603-8C06-97EFEF2D4076}
	EndGlobalSection
EndGlobal
