Microsoft Visual Studio Solution File, Format Version 11.00
# Visual Studio 2010
Project("{FAE04EC0-301F-11D3-BF4B-00C04F79EFBC}") = "Broker", "Broker\Broker.csproj", "{977DBEE2-3A2C-45B7-B7A5-7D8637CF1974}"
EndProject
Project("{FAE04EC0-301F-11D3-BF4B-00C04F79EFBC}") = "Broker.Dispatcher", "Broker.Dispatcher\Broker.Dispatcher.csproj", "{5D2C3DB2-FAAA-443B-883A-F3D5FBAAD70D}"
EndProject
Project("{FAE04EC0-301F-11D3-BF4B-00C04F79EFBC}") = "Gateway", "Gateway\Gateway.csproj", "{0ED30A6E-933E-42A6-993A-64E2645FCDB0}"
EndProject
Project("{FAE04EC0-301F-11D3-BF4B-00C04F79EFBC}") = "Processor", "Processor\Processor.csproj", "{69C0BC8F-EEF4-4DA8-B220-2B35AA20F273}"
EndProject
Project("{FAE04EC0-301F-11D3-BF4B-00C04F79EFBC}") = "Workflow", "Workflow\Workflow.csproj", "{92BBAB07-15D6-46B4-8AB4-E50F598BCFFD}"
EndProject
Project("{FAE04EC0-301F-11D3-BF4B-00C04F79EFBC}") = "Console.XRM", "Console.XRM\Console.XRM.csproj", "{BCC5F365-ACC2-45E2-A33F-76D4411E6E84}"
EndProject
Project("{FAE04EC0-301F-11D3-BF4B-00C04F79EFBC}") = "Gateway.Adapter", "Gateway.Adapter\Gateway.Adapter.csproj", "{FDDB960E-E765-4E86-856F-68AE2887C33B}"
EndProject
Project("{FAE04EC0-301F-11D3-BF4B-00C04F79EFBC}") = "Gateway.Adapter.Endpoint", "Gateway.Adapter.Endpoint\Gateway.Adapter.Endpoint.csproj", "{33113EE2-97F2-4A0D-9AD7-55160A102B6D}"
EndProject
Project("{FAE04EC0-301F-11D3-BF4B-00C04F79EFBC}") = "Workflow.Test", "Workflow\Test\Workflow.Test.csproj", "{4F6419BC-4B62-4941-9224-E0A5F211A31C}"
EndProject
Project("{FAE04EC0-301F-11D3-BF4B-00C04F79EFBC}") = "Test", "Test\Test.csproj", "{36110949-7E99-41E5-BCB3-B84275CD7505}"
EndProject
Project("{FAE04EC0-301F-11D3-BF4B-00C04F79EFBC}") = "Test.Integration", "Test.Integration\Test.Integration.csproj", "{DB983911-9D3A-482B-BD08-3762353D3802}"
EndProject
Project("{FAE04EC0-301F-11D3-BF4B-00C04F79EFBC}") = "Broker.Test", "Broker\Test\Broker.Test.csproj", "{3A9D1023-3868-4C2A-AACD-9D749FD04C79}"
EndProject
Project("{FAE04EC0-301F-11D3-BF4B-00C04F79EFBC}") = "Broker.Dispatcher.Test", "Broker.Dispatcher\Test\Broker.Dispatcher.Test.csproj", "{A8E68D28-922D-43C9-8F45-3A70A361F9EA}"
EndProject
Project("{FAE04EC0-301F-11D3-BF4B-00C04F79EFBC}") = "Gateway.Test", "Gateway\Test\Gateway.Test.csproj", "{9615DBE6-10D2-4679-AE37-F982E90430C9}"
EndProject
Project("{FAE04EC0-301F-11D3-BF4B-00C04F79EFBC}") = "Gateway.Adapter.Test", "Gateway.Adapter\Test\Gateway.Adapter.Test.csproj", "{DBF8ECCB-656A-406E-AA9E-E98EFFA068F2}"
EndProject
Project("{FAE04EC0-301F-11D3-BF4B-00C04F79EFBC}") = "Processor.Test", "Processor\Test\Processor.Test.csproj", "{5B215BE9-0852-4EC0-8E93-8E37F45AEFCE}"
EndProject
Project("{FAE04EC0-301F-11D3-BF4B-00C04F79EFBC}") = "Console.XRM.Test", "Console.XRM\Test\Console.XRM.Test.csproj", "{287D3670-F35B-49E9-B4CE-EBEB83E29E33}"
EndProject
Project("{FAE04EC0-301F-11D3-BF4B-00C04F79EFBC}") = "Gateway.Adapter.Endpoint.Test", "Gateway.Adapter.Endpoint\Test\Gateway.Adapter.Endpoint.Test.csproj", "{6F3C917B-E777-4BE9-9C2B-3DA9C81419A3}"
EndProject
Project("{FAE04EC0-301F-11D3-BF4B-00C04F79EFBC}") = "Console", "Console\Console.csproj", "{B9B223C3-F9BF-4CB2-B3E8-84B3805B58A9}"
EndProject
Project("{2150E333-8FDC-42A3-9474-1A3956D46DE8}") = "Testing", "Testing", "{BD6726A3-2AF1-4B36-BA42-75B1B1CCCF4C}"
EndProject
Project("{2150E333-8FDC-42A3-9474-1A3956D46DE8}") = "Components", "Components", "{CADEC22A-F619-436D-9E93-A9325964492B}"
EndProject
Project("{2150E333-8FDC-42A3-9474-1A3956D46DE8}") = "Unit tests", "Unit tests", "{9B2E32A4-6FCF-4603-8C06-97EFEF2D4076}"
EndProject
Project("{2150E333-8FDC-42A3-9474-1A3956D46DE8}") = "References", "References", "{2DE16D93-77BD-4F80-B892-24942DD0BE0D}"
EndProject
Project("{FAE04EC0-301F-11D3-BF4B-00C04F79EFBC}") = "SchemaTron", "..\SchemaTron\SchemaTron\SchemaTron.csproj", "{27FFC724-6887-4397-ACFF-A868FB63E0B0}"
EndProject
Project("{FAE04EC0-301F-11D3-BF4B-00C04F79EFBC}") = "Data", "Data\Data.csproj", "{E179E074-E263-4D41-8D75-992618F8DD7E}"
EndProject
Project("{2150E333-8FDC-42A3-9474-1A3956D46DE8}") = "Data access layer", "Data access layer", "{9314DAF8-7213-4146-9A7B-7271BB8D1D0E}"
EndProject
Global
	GlobalSection(SolutionConfigurationPlatforms) = preSolution
		Debug|Any CPU = Debug|Any CPU
		Release|Any CPU = Release|Any CPU
	EndGlobalSection
	GlobalSection(ProjectConfigurationPlatforms) = postSolution
		{977DBEE2-3A2C-45B7-B7A5-7D8637CF1974}.Debug|Any CPU.ActiveCfg = Debug|Any CPU
		{977DBEE2-3A2C-45B7-B7A5-7D8637CF1974}.Debug|Any CPU.Build.0 = Debug|Any CPU
		{977DBEE2-3A2C-45B7-B7A5-7D8637CF1974}.Release|Any CPU.ActiveCfg = Release|Any CPU
		{977DBEE2-3A2C-45B7-B7A5-7D8637CF1974}.Release|Any CPU.Build.0 = Release|Any CPU
		{5D2C3DB2-FAAA-443B-883A-F3D5FBAAD70D}.Debug|Any CPU.ActiveCfg = Debug|Any CPU
		{5D2C3DB2-FAAA-443B-883A-F3D5FBAAD70D}.Debug|Any CPU.Build.0 = Debug|Any CPU
		{5D2C3DB2-FAAA-443B-883A-F3D5FBAAD70D}.Release|Any CPU.ActiveCfg = Release|Any CPU
		{5D2C3DB2-FAAA-443B-883A-F3D5FBAAD70D}.Release|Any CPU.Build.0 = Release|Any CPU
		{0ED30A6E-933E-42A6-993A-64E2645FCDB0}.Debug|Any CPU.ActiveCfg = Debug|Any CPU
		{0ED30A6E-933E-42A6-993A-64E2645FCDB0}.Debug|Any CPU.Build.0 = Debug|Any CPU
		{0ED30A6E-933E-42A6-993A-64E2645FCDB0}.Release|Any CPU.ActiveCfg = Release|Any CPU
		{0ED30A6E-933E-42A6-993A-64E2645FCDB0}.Release|Any CPU.Build.0 = Release|Any CPU
		{69C0BC8F-EEF4-4DA8-B220-2B35AA20F273}.Debug|Any CPU.ActiveCfg = Debug|Any CPU
		{69C0BC8F-EEF4-4DA8-B220-2B35AA20F273}.Debug|Any CPU.Build.0 = Debug|Any CPU
		{69C0BC8F-EEF4-4DA8-B220-2B35AA20F273}.Release|Any CPU.ActiveCfg = Release|Any CPU
		{69C0BC8F-EEF4-4DA8-B220-2B35AA20F273}.Release|Any CPU.Build.0 = Release|Any CPU
		{92BBAB07-15D6-46B4-8AB4-E50F598BCFFD}.Debug|Any CPU.ActiveCfg = Debug|Any CPU
		{92BBAB07-15D6-46B4-8AB4-E50F598BCFFD}.Debug|Any CPU.Build.0 = Debug|Any CPU
		{92BBAB07-15D6-46B4-8AB4-E50F598BCFFD}.Release|Any CPU.ActiveCfg = Release|Any CPU
		{92BBAB07-15D6-46B4-8AB4-E50F598BCFFD}.Release|Any CPU.Build.0 = Release|Any CPU
		{BCC5F365-ACC2-45E2-A33F-76D4411E6E84}.Debug|Any CPU.ActiveCfg = Debug|Any CPU
		{BCC5F365-ACC2-45E2-A33F-76D4411E6E84}.Debug|Any CPU.Build.0 = Debug|Any CPU
		{BCC5F365-ACC2-45E2-A33F-76D4411E6E84}.Release|Any CPU.ActiveCfg = Release|Any CPU
		{BCC5F365-ACC2-45E2-A33F-76D4411E6E84}.Release|Any CPU.Build.0 = Release|Any CPU
		{FDDB960E-E765-4E86-856F-68AE2887C33B}.Debug|Any CPU.ActiveCfg = Debug|Any CPU
		{FDDB960E-E765-4E86-856F-68AE2887C33B}.Debug|Any CPU.Build.0 = Debug|Any CPU
		{FDDB960E-E765-4E86-856F-68AE2887C33B}.Release|Any CPU.ActiveCfg = Release|Any CPU
		{FDDB960E-E765-4E86-856F-68AE2887C33B}.Release|Any CPU.Build.0 = Release|Any CPU
		{33113EE2-97F2-4A0D-9AD7-55160A102B6D}.Debug|Any CPU.ActiveCfg = Debug|Any CPU
		{33113EE2-97F2-4A0D-9AD7-55160A102B6D}.Debug|Any CPU.Build.0 = Debug|Any CPU
		{33113EE2-97F2-4A0D-9AD7-55160A102B6D}.Release|Any CPU.ActiveCfg = Release|Any CPU
		{33113EE2-97F2-4A0D-9AD7-55160A102B6D}.Release|Any CPU.Build.0 = Release|Any CPU
		{4F6419BC-4B62-4941-9224-E0A5F211A31C}.Debug|Any CPU.ActiveCfg = Debug|Any CPU
		{4F6419BC-4B62-4941-9224-E0A5F211A31C}.Debug|Any CPU.Build.0 = Debug|Any CPU
		{4F6419BC-4B62-4941-9224-E0A5F211A31C}.Release|Any CPU.ActiveCfg = Release|Any CPU
		{4F6419BC-4B62-4941-9224-E0A5F211A31C}.Release|Any CPU.Build.0 = Release|Any CPU
		{36110949-7E99-41E5-BCB3-B84275CD7505}.Debug|Any CPU.ActiveCfg = Debug|Any CPU
		{36110949-7E99-41E5-BCB3-B84275CD7505}.Debug|Any CPU.Build.0 = Debug|Any CPU
		{36110949-7E99-41E5-BCB3-B84275CD7505}.Release|Any CPU.ActiveCfg = Release|Any CPU
		{36110949-7E99-41E5-BCB3-B84275CD7505}.Release|Any CPU.Build.0 = Release|Any CPU
		{DB983911-9D3A-482B-BD08-3762353D3802}.Debug|Any CPU.ActiveCfg = Debug|Any CPU
		{DB983911-9D3A-482B-BD08-3762353D3802}.Debug|Any CPU.Build.0 = Debug|Any CPU
		{DB983911-9D3A-482B-BD08-3762353D3802}.Release|Any CPU.ActiveCfg = Release|Any CPU
		{DB983911-9D3A-482B-BD08-3762353D3802}.Release|Any CPU.Build.0 = Release|Any CPU
		{3A9D1023-3868-4C2A-AACD-9D749FD04C79}.Debug|Any CPU.ActiveCfg = Debug|Any CPU
		{3A9D1023-3868-4C2A-AACD-9D749FD04C79}.Debug|Any CPU.Build.0 = Debug|Any CPU
		{3A9D1023-3868-4C2A-AACD-9D749FD04C79}.Release|Any CPU.ActiveCfg = Release|Any CPU
		{3A9D1023-3868-4C2A-AACD-9D749FD04C79}.Release|Any CPU.Build.0 = Release|Any CPU
		{A8E68D28-922D-43C9-8F45-3A70A361F9EA}.Debug|Any CPU.ActiveCfg = Debug|Any CPU
		{A8E68D28-922D-43C9-8F45-3A70A361F9EA}.Debug|Any CPU.Build.0 = Debug|Any CPU
		{A8E68D28-922D-43C9-8F45-3A70A361F9EA}.Release|Any CPU.ActiveCfg = Release|Any CPU
		{A8E68D28-922D-43C9-8F45-3A70A361F9EA}.Release|Any CPU.Build.0 = Release|Any CPU
		{9615DBE6-10D2-4679-AE37-F982E90430C9}.Debug|Any CPU.ActiveCfg = Debug|Any CPU
		{9615DBE6-10D2-4679-AE37-F982E90430C9}.Debug|Any CPU.Build.0 = Debug|Any CPU
		{9615DBE6-10D2-4679-AE37-F982E90430C9}.Release|Any CPU.ActiveCfg = Release|Any CPU
		{9615DBE6-10D2-4679-AE37-F982E90430C9}.Release|Any CPU.Build.0 = Release|Any CPU
		{DBF8ECCB-656A-406E-AA9E-E98EFFA068F2}.Debug|Any CPU.ActiveCfg = Debug|Any CPU
		{DBF8ECCB-656A-406E-AA9E-E98EFFA068F2}.Debug|Any CPU.Build.0 = Debug|Any CPU
		{DBF8ECCB-656A-406E-AA9E-E98EFFA068F2}.Release|Any CPU.ActiveCfg = Release|Any CPU
		{DBF8ECCB-656A-406E-AA9E-E98EFFA068F2}.Release|Any CPU.Build.0 = Release|Any CPU
		{5B215BE9-0852-4EC0-8E93-8E37F45AEFCE}.Debug|Any CPU.ActiveCfg = Debug|Any CPU
		{5B215BE9-0852-4EC0-8E93-8E37F45AEFCE}.Debug|Any CPU.Build.0 = Debug|Any CPU
		{5B215BE9-0852-4EC0-8E93-8E37F45AEFCE}.Release|Any CPU.ActiveCfg = Release|Any CPU
		{5B215BE9-0852-4EC0-8E93-8E37F45AEFCE}.Release|Any CPU.Build.0 = Release|Any CPU
		{287D3670-F35B-49E9-B4CE-EBEB83E29E33}.Debug|Any CPU.ActiveCfg = Debug|Any CPU
		{287D3670-F35B-49E9-B4CE-EBEB83E29E33}.Debug|Any CPU.Build.0 = Debug|Any CPU
		{287D3670-F35B-49E9-B4CE-EBEB83E29E33}.Release|Any CPU.ActiveCfg = Release|Any CPU
		{287D3670-F35B-49E9-B4CE-EBEB83E29E33}.Release|Any CPU.Build.0 = Release|Any CPU
		{6F3C917B-E777-4BE9-9C2B-3DA9C81419A3}.Debug|Any CPU.ActiveCfg = Debug|Any CPU
		{6F3C917B-E777-4BE9-9C2B-3DA9C81419A3}.Debug|Any CPU.Build.0 = Debug|Any CPU
		{6F3C917B-E777-4BE9-9C2B-3DA9C81419A3}.Release|Any CPU.ActiveCfg = Release|Any CPU
		{6F3C917B-E777-4BE9-9C2B-3DA9C81419A3}.Release|Any CPU.Build.0 = Release|Any CPU
		{B9B223C3-F9BF-4CB2-B3E8-84B3805B58A9}.Debug|Any CPU.ActiveCfg = Debug|Any CPU
		{B9B223C3-F9BF-4CB2-B3E8-84B3805B58A9}.Debug|Any CPU.Build.0 = Debug|Any CPU
		{B9B223C3-F9BF-4CB2-B3E8-84B3805B58A9}.Release|Any CPU.ActiveCfg = Release|Any CPU
		{B9B223C3-F9BF-4CB2-B3E8-84B3805B58A9}.Release|Any CPU.Build.0 = Release|Any CPU
		{27FFC724-6887-4397-ACFF-A868FB63E0B0}.Debug|Any CPU.ActiveCfg = Debug|Any CPU
		{27FFC724-6887-4397-ACFF-A868FB63E0B0}.Debug|Any CPU.Build.0 = Debug|Any CPU
		{27FFC724-6887-4397-ACFF-A868FB63E0B0}.Release|Any CPU.ActiveCfg = Release|Any CPU
		{27FFC724-6887-4397-ACFF-A868FB63E0B0}.Release|Any CPU.Build.0 = Release|Any CPU
		{E179E074-E263-4D41-8D75-992618F8DD7E}.Debug|Any CPU.ActiveCfg = Debug|Any CPU
		{E179E074-E263-4D41-8D75-992618F8DD7E}.Debug|Any CPU.Build.0 = Debug|Any CPU
		{E179E074-E263-4D41-8D75-992618F8DD7E}.Release|Any CPU.ActiveCfg = Release|Any CPU
		{E179E074-E263-4D41-8D75-992618F8DD7E}.Release|Any CPU.Build.0 = Release|Any CPU
	EndGlobalSection
	GlobalSection(SolutionProperties) = preSolution
		HideSolutionNode = FALSE
	EndGlobalSection
	GlobalSection(NestedProjects) = preSolution
		{5D2C3DB2-FAAA-443B-883A-F3D5FBAAD70D} = {CADEC22A-F619-436D-9E93-A9325964492B}
		{0ED30A6E-933E-42A6-993A-64E2645FCDB0} = {CADEC22A-F619-436D-9E93-A9325964492B}
		{69C0BC8F-EEF4-4DA8-B220-2B35AA20F273} = {CADEC22A-F619-436D-9E93-A9325964492B}
		{92BBAB07-15D6-46B4-8AB4-E50F598BCFFD} = {CADEC22A-F619-436D-9E93-A9325964492B}
		{BCC5F365-ACC2-45E2-A33F-76D4411E6E84} = {CADEC22A-F619-436D-9E93-A9325964492B}
		{FDDB960E-E765-4E86-856F-68AE2887C33B} = {CADEC22A-F619-436D-9E93-A9325964492B}
		{33113EE2-97F2-4A0D-9AD7-55160A102B6D} = {CADEC22A-F619-436D-9E93-A9325964492B}
		{B9B223C3-F9BF-4CB2-B3E8-84B3805B58A9} = {CADEC22A-F619-436D-9E93-A9325964492B}
		{977DBEE2-3A2C-45B7-B7A5-7D8637CF1974} = {CADEC22A-F619-436D-9E93-A9325964492B}
		{36110949-7E99-41E5-BCB3-B84275CD7505} = {BD6726A3-2AF1-4B36-BA42-75B1B1CCCF4C}
		{DB983911-9D3A-482B-BD08-3762353D3802} = {BD6726A3-2AF1-4B36-BA42-75B1B1CCCF4C}
		{9B2E32A4-6FCF-4603-8C06-97EFEF2D4076} = {BD6726A3-2AF1-4B36-BA42-75B1B1CCCF4C}
		{A8E68D28-922D-43C9-8F45-3A70A361F9EA} = {9B2E32A4-6FCF-4603-8C06-97EFEF2D4076}
		{9615DBE6-10D2-4679-AE37-F982E90430C9} = {9B2E32A4-6FCF-4603-8C06-97EFEF2D4076}
		{DBF8ECCB-656A-406E-AA9E-E98EFFA068F2} = {9B2E32A4-6FCF-4603-8C06-97EFEF2D4076}
		{5B215BE9-0852-4EC0-8E93-8E37F45AEFCE} = {9B2E32A4-6FCF-4603-8C06-97EFEF2D4076}
		{287D3670-F35B-49E9-B4CE-EBEB83E29E33} = {9B2E32A4-6FCF-4603-8C06-97EFEF2D4076}
		{6F3C917B-E777-4BE9-9C2B-3DA9C81419A3} = {9B2E32A4-6FCF-4603-8C06-97EFEF2D4076}
		{4F6419BC-4B62-4941-9224-E0A5F211A31C} = {9B2E32A4-6FCF-4603-8C06-97EFEF2D4076}
		{3A9D1023-3868-4C2A-AACD-9D749FD04C79} = {9B2E32A4-6FCF-4603-8C06-97EFEF2D4076}
		{27FFC724-6887-4397-ACFF-A868FB63E0B0} = {2DE16D93-77BD-4F80-B892-24942DD0BE0D}
		{E179E074-E263-4D41-8D75-992618F8DD7E} = {9314DAF8-7213-4146-9A7B-7271BB8D1D0E}
	EndGlobalSection
EndGlobal
