
Microsoft Visual Studio Solution File, Format Version 11.00
# Visual Studio 2010
Project("{FAE04EC0-301F-11D3-BF4B-00C04F79EFBC}") = "XRouter.Broker", "XRouter.Broker\XRouter.Broker.csproj", "{AF28F3BF-7340-408E-B9AC-C9CE0F17A599}"
EndProject
Project("{FAE04EC0-301F-11D3-BF4B-00C04F79EFBC}") = "XRouter.Common", "XRouter.Common\XRouter.Common.csproj", "{3A775DC5-0596-46B1-95F8-6261D94F0A54}"
EndProject
Project("{FAE04EC0-301F-11D3-BF4B-00C04F79EFBC}") = "ObjectRemoter", "..\ObjectRemoter\ObjectRemoter\ObjectRemoter.csproj", "{0C9BE6CE-CA69-4EDB-B021-496EEAA0319D}"
EndProject
Global
	GlobalSection(SolutionConfigurationPlatforms) = preSolution
		Debug|Any CPU = Debug|Any CPU
		Release|Any CPU = Release|Any CPU
	EndGlobalSection
	GlobalSection(ProjectConfigurationPlatforms) = postSolution
		{AF28F3BF-7340-408E-B9AC-C9CE0F17A599}.Debug|Any CPU.ActiveCfg = Debug|Any CPU
		{AF28F3BF-7340-408E-B9AC-C9CE0F17A599}.Debug|Any CPU.Build.0 = Debug|Any CPU
		{AF28F3BF-7340-408E-B9AC-C9CE0F17A599}.Release|Any CPU.ActiveCfg = Release|Any CPU
		{AF28F3BF-7340-408E-B9AC-C9CE0F17A599}.Release|Any CPU.Build.0 = Release|Any CPU
		{3A775DC5-0596-46B1-95F8-6261D94F0A54}.Debug|Any CPU.ActiveCfg = Debug|Any CPU
		{3A775DC5-0596-46B1-95F8-6261D94F0A54}.Debug|Any CPU.Build.0 = Debug|Any CPU
		{3A775DC5-0596-46B1-95F8-6261D94F0A54}.Release|Any CPU.ActiveCfg = Release|Any CPU
		{3A775DC5-0596-46B1-95F8-6261D94F0A54}.Release|Any CPU.Build.0 = Release|Any CPU
		{0C9BE6CE-CA69-4EDB-B021-496EEAA0319D}.Debug|Any CPU.ActiveCfg = Debug|Any CPU
		{0C9BE6CE-CA69-4EDB-B021-496EEAA0319D}.Debug|Any CPU.Build.0 = Debug|Any CPU
		{0C9BE6CE-CA69-4EDB-B021-496EEAA0319D}.Release|Any CPU.ActiveCfg = Release|Any CPU
		{0C9BE6CE-CA69-4EDB-B021-496EEAA0319D}.Release|Any CPU.Build.0 = Release|Any CPU
	EndGlobalSection
	GlobalSection(SolutionProperties) = preSolution
		HideSolutionNode = FALSE
	EndGlobalSection
	GlobalSection(SpecExplorer.ActivityCompletionStatus) = preSolution
		SpecExplorer.ActivityCompletionStatus = TestExisting: ;ModelFromScratch: 
	EndGlobalSection
EndGlobal
